{
  "version": 4,
  "terraform_version": "1.15.9",
  "serial": 130,
  "lineage": "03b930cf-4c62-c2d6-a302-4a6adf80d5c7",
  "outputs": {
    "artifact_registry_url": {
      "value": "asia-south1-docker.pkg.dev/devops-assessment-nodejs/nodejs-devsecops-repo",
      "type": "string"
    },
    "cloud_run_sa_email": {
      "value": "nodejs-devsecops-run-sa@devops-assessment-nodejs.iam.gserviceaccount.com",
      "type": "string"
    },
    "cloud_run_url": {
      "value": "https://nodejs-devsecops-service-7cdagf27ua-el.a.run.app",
      "type": "string"
    },
    "cloud_sql_connection_name": {
      "value": "devops-assessment-nodejs:asia-south1:nodejs-devsecops-pg",
      "type": "string"
    },
    "cloud_sql_private_ip": {
      "value": "10.119.0.5",
      "type": "string"
    },
    "deployer_sa_email": {
      "value": "nodejs-devsecops-deployer@devops-assessment-nodejs.iam.gserviceaccount.com",
      "type": "string"
    },
    "vpc_connector_id": {
      "value": "projects/devops-assessment-nodejs/locations/asia-south1/connectors/nodejs-vpc-conn",
      "type": "string"
    },
    "workload_identity_provider": {
      "value": "projects/728348789287/locations/global/workloadIdentityPools/github-actions-pool/providers/github-provider",
      "type": "string"
    }
  },
  "resources": [
    {
      "module": "module.cloud_run",
      "mode": "managed",
      "type": "google_artifact_registry_repository",
      "name": "repo",
      "provider": "provider[\"registry.terraform.io/hashicorp/google\"]",
      "instances": [
        {
          "schema_version": 0,
          "attributes": {
            "cleanup_policies": [],
            "cleanup_policy_dry_run": false,
            "create_time": "2026-08-21T03:46:22.205660Z",
            "description": "Docker images for nodejs-devsecops",
            "docker_config": [],
            "effective_labels": {},
            "format": "DOCKER",
            "id": "projects/devops-assessment-nodejs/locations/asia-south1/repositories/nodejs-devsecops-repo",
            "kms_key_name": "",
            "labels": {},
            "location": "asia-south1",
            "maven_config": [],
            "mode": "STANDARD_REPOSITORY",
            "name": "nodejs-devsecops-repo",
            "project": "devops-assessment-nodejs",
            "remote_repository_config": [],
            "repository_id": "nodejs-devsecops-repo",
            "terraform_labels": {},
            "timeouts": null,
            "update_time": "2026-08-21T03:46:22.205660Z",
            "virtual_repository_config": []
          },
          "sensitive_attributes": [],
          "identity_schema_version": 0,
          "private": "eyJlMmJmYjczMC1lY2FhLTExZTYtOGY4OC0zNDM2M2JjN2M0YzAiOnsiY3JlYXRlIjoxMjAwMDAwMDAwMDAwLCJkZWxldGUiOjEyMDAwMDAwMDAwMDAsInVwZGF0ZSI6MTIwMDAwMDAwMDAwMH19"
        }
      ]
    },
    {
      "module": "module.cloud_run",
      "mode": "managed",
      "type": "google_cloud_run_v2_service",
      "name": "app",
      "provider": "provider[\"registry.terraform.io/hashicorp/google\"]",
      "instances": [
        {
          "schema_version": 0,
          "attributes": {
            "annotations": {},
            "binary_authorization": [],
            "client": "",
            "client_version": "",
            "conditions": [
              {
                "execution_reason": "",
                "last_transition_time": "2026-08-21T04:06:14.926721Z",
                "message": "",
                "reason": "",
                "revision_reason": "",
                "severity": "",
                "state": "CONDITION_SUCCEEDED",
                "type": "RoutesReady"
              },
              {
                "execution_reason": "",
                "last_transition_time": "2026-08-21T04:05:54.245496Z",
                "message": "",
                "reason": "",
                "revision_reason": "",
                "severity": "",
                "state": "CONDITION_SUCCEEDED",
                "type": "ConfigurationsReady"
              }
            ],
            "create_time": "2026-08-21T04:05:51.731626Z",
            "creator": "sassiedharan2012@gmail.com",
            "custom_audiences": [],
            "delete_time": "",
            "description": "",
            "effective_annotations": {},
            "effective_labels": {},
            "etag": "\"CJ-dn9QGEJD07twC/cHJvamVjdHMvZGV2b3BzLWFzc2Vzc21lbnQtbm9kZWpzL2xvY2F0aW9ucy9hc2lhLXNvdXRoMS9zZXJ2aWNlcy9ub2RlanMtZGV2c2Vjb3BzLXNlcnZpY2U\"",
            "expire_time": "",
            "generation": "1",
            "id": "projects/devops-assessment-nodejs/locations/asia-south1/services/nodejs-devsecops-service",
            "ingress": "INGRESS_TRAFFIC_ALL",
            "labels": {},
            "last_modifier": "sassiedharan2012@gmail.com",
            "latest_created_revision": "projects/devops-assessment-nodejs/locations/asia-south1/services/nodejs-devsecops-service/revisions/nodejs-devsecops-service-00001-fjt",
            "latest_ready_revision": "projects/devops-assessment-nodejs/locations/asia-south1/services/nodejs-devsecops-service/revisions/nodejs-devsecops-service-00001-fjt",
            "launch_stage": "GA",
            "location": "asia-south1",
            "name": "nodejs-devsecops-service",
            "observed_generation": "1",
            "project": "devops-assessment-nodejs",
            "reconciling": false,
            "template": [
              {
                "annotations": {},
                "containers": [
                  {
                    "args": [],
                    "command": [],
                    "depends_on": [],
                    "env": [
                      {
                        "name": "DB_HOST",
                        "value": "",
                        "value_source": [
                          {
                            "secret_key_ref": [
                              {
                                "secret": "nodejs-devsecops-db-host",
                                "version": "latest"
                              }
                            ]
                          }
                        ]
                      },
                      {
                        "name": "DB_NAME",
                        "value": "",
                        "value_source": [
                          {
                            "secret_key_ref": [
                              {
                                "secret": "nodejs-devsecops-db-name",
                                "version": "latest"
                              }
                            ]
                          }
                        ]
                      },
                      {
                        "name": "DB_USER",
                        "value": "",
                        "value_source": [
                          {
                            "secret_key_ref": [
                              {
                                "secret": "nodejs-devsecops-db-user",
                                "version": "latest"
                              }
                            ]
                          }
                        ]
                      },
                      {
                        "name": "DB_PASSWORD",
                        "value": "",
                        "value_source": [
                          {
                            "secret_key_ref": [
                              {
                                "secret": "nodejs-devsecops-db-password",
                                "version": "latest"
                              }
                            ]
                          }
                        ]
                      }
                    ],
                    "image": "gcr.io/cloudrun/hello",
                    "liveness_probe": [],
                    "name": "",
                    "ports": [
                      {
                        "container_port": 8080,
                        "name": "http1"
                      }
                    ],
                    "resources": [
                      {
                        "cpu_idle": false,
                        "limits": {
                          "cpu": "1",
                          "memory": "512Mi"
                        },
                        "startup_cpu_boost": false
                      }
                    ],
                    "startup_probe": [
                      {
                        "failure_threshold": 3,
                        "grpc": [],
                        "http_get": [
                          {
                            "http_headers": [],
                            "path": "/healthz",
                            "port": 8080
                          }
                        ],
                        "initial_delay_seconds": 5,
                        "period_seconds": 5,
                        "tcp_socket": [],
                        "timeout_seconds": 1
                      }
                    ],
                    "volume_mounts": [
                      {
                        "mount_path": "/cloudsql",
                        "name": "cloudsql"
                      }
                    ],
                    "working_dir": ""
                  }
                ],
                "encryption_key": "",
                "execution_environment": "",
                "labels": {},
                "max_instance_request_concurrency": 80,
                "revision": "",
                "scaling": [
                  {
                    "max_instance_count": 3,
                    "min_instance_count": 0
                  }
                ],
                "service_account": "nodejs-devsecops-run-sa@devops-assessment-nodejs.iam.gserviceaccount.com",
                "session_affinity": false,
                "timeout": "300s",
                "volumes": [
                  {
                    "cloud_sql_instance": [
                      {
                        "instances": [
                          "devops-assessment-nodejs:asia-south1:nodejs-devsecops-pg"
                        ]
                      }
                    ],
                    "gcs": [],
                    "name": "cloudsql",
                    "nfs": [],
                    "secret": []
                  }
                ],
                "vpc_access": [
                  {
                    "connector": "projects/devops-assessment-nodejs/locations/asia-south1/connectors/nodejs-vpc-conn",
                    "egress": "PRIVATE_RANGES_ONLY",
                    "network_interfaces": []
                  }
                ]
              }
            ],
            "terminal_condition": [
              {
                "execution_reason": "",
                "last_transition_time": "2026-08-21T04:06:14.959223Z",
                "message": "",
                "reason": "",
                "revision_reason": "",
                "severity": "",
                "state": "CONDITION_SUCCEEDED",
                "type": "Ready"
              }
            ],
            "terraform_labels": {},
            "timeouts": null,
            "traffic": [
              {
                "percent": 100,
                "revision": "",
                "tag": "",
                "type": "TRAFFIC_TARGET_ALLOCATION_TYPE_LATEST"
              }
            ],
            "traffic_statuses": [
              {
                "percent": 100,
                "revision": "",
                "tag": "",
                "type": "TRAFFIC_TARGET_ALLOCATION_TYPE_LATEST",
                "uri": ""
              }
            ],
            "uid": "06445af3-01ef-4480-a43b-20d449b8ed96",
            "update_time": "2026-08-21T04:05:51.731626Z",
            "uri": "https://nodejs-devsecops-service-7cdagf27ua-el.a.run.app"
          },
          "sensitive_attributes": [],
          "identity_schema_version": 0,
          "private": "eyJlMmJmYjczMC1lY2FhLTExZTYtOGY4OC0zNDM2M2JjN2M0YzAiOnsiY3JlYXRlIjoxMjAwMDAwMDAwMDAwLCJkZWxldGUiOjEyMDAwMDAwMDAwMDAsInVwZGF0ZSI6MTIwMDAwMDAwMDAwMH19",
          "dependencies": [
            "module.cloud_sql.google_sql_database.app_database",
            "module.cloud_sql.google_sql_database_instance.postgres",
            "module.cloud_sql.google_sql_user.app_user",
            "module.cloud_sql.random_password.db_password",
            "module.iam.google_service_account.cloud_run_sa",
            "module.network.google_compute_global_address.private_ip_range",
            "module.network.google_compute_network.vpc",
            "module.network.google_service_networking_connection.private_vpc_connection",
            "module.network.google_vpc_access_connector.connector",
            "module.secrets.google_secret_manager_secret.secret"
          ]
        }
      ]
    },
    {
      "module": "module.cloud_run",
      "mode": "managed",
      "type": "google_cloud_run_v2_service_iam_member",
      "name": "public_invoker",
      "provider": "provider[\"registry.terraform.io/hashicorp/google\"]",
      "instances": [
        {
          "schema_version": 0,
          "attributes": {
            "condition": [],
            "etag": "BwZZhsKIscI=",
            "id": "projects/devops-assessment-nodejs/locations/asia-south1/services/nodejs-devsecops-service/roles/run.invoker/allUsers",
            "location": "asia-south1",
            "member": "allUsers",
            "name": "projects/devops-assessment-nodejs/locations/asia-south1/services/nodejs-devsecops-service",
            "project": "devops-assessment-nodejs",
            "role": "roles/run.invoker"
          },
          "sensitive_attributes": [],
          "identity_schema_version": 0,
          "private": "bnVsbA==",
          "dependencies": [
            "module.cloud_run.google_cloud_run_v2_service.app",
            "module.cloud_sql.google_sql_database.app_database",
            "module.cloud_sql.google_sql_database_instance.postgres",
            "module.cloud_sql.google_sql_user.app_user",
            "module.cloud_sql.random_password.db_password",
            "module.iam.google_service_account.cloud_run_sa",
            "module.network.google_compute_global_address.private_ip_range",
            "module.network.google_compute_network.vpc",
            "module.network.google_service_networking_connection.private_vpc_connection",
            "module.network.google_vpc_access_connector.connector",
            "module.secrets.google_secret_manager_secret.secret"
          ]
        }
      ]
    },
    {
      "module": "module.cloud_sql",
      "mode": "managed",
      "type": "google_sql_database",
      "name": "app_database",
      "provider": "provider[\"registry.terraform.io/hashicorp/google\"]",
      "instances": [
        {
          "schema_version": 0,
          "attributes": {
            "charset": "UTF8",
            "collation": "en_US.UTF8",
            "deletion_policy": "DELETE",
            "id": "projects/devops-assessment-nodejs/instances/nodejs-devsecops-pg/databases/appdb",
            "instance": "nodejs-devsecops-pg",
            "name": "appdb",
            "project": "devops-assessment-nodejs",
            "self_link": "https://sqladmin.googleapis.com/sql/v1beta4/projects/devops-assessment-nodejs/instances/nodejs-devsecops-pg/databases/appdb",
            "timeouts": null
          },
          "sensitive_attributes": [],
          "identity_schema_version": 0,
          "private": "eyJlMmJmYjczMC1lY2FhLTExZTYtOGY4OC0zNDM2M2JjN2M0YzAiOnsiY3JlYXRlIjoxMjAwMDAwMDAwMDAwLCJkZWxldGUiOjEyMDAwMDAwMDAwMDAsInVwZGF0ZSI6MTIwMDAwMDAwMDAwMH19",
          "dependencies": [
            "module.cloud_sql.google_sql_database_instance.postgres",
            "module.network.google_compute_global_address.private_ip_range",
            "module.network.google_compute_network.vpc",
            "module.network.google_service_networking_connection.private_vpc_connection"
          ]
        }
      ]
    },
    {
      "module": "module.cloud_sql",
      "mode": "managed",
      "type": "google_sql_database_instance",
      "name": "postgres",
      "provider": "provider[\"registry.terraform.io/hashicorp/google\"]",
      "instances": [
        {
          "schema_version": 0,
          "attributes": {
            "available_maintenance_versions": [],
            "clone": [],
            "connection_name": "devops-assessment-nodejs:asia-south1:nodejs-devsecops-pg",
            "database_version": "POSTGRES_15",
            "deletion_protection": false,
            "dns_name": "",
            "encryption_key_name": null,
            "first_ip_address": "10.119.0.5",
            "id": "nodejs-devsecops-pg",
            "instance_type": "CLOUD_SQL_INSTANCE",
            "ip_address": [
              {
                "ip_address": "10.119.0.5",
                "time_to_retire": "",
                "type": "PRIVATE"
              }
            ],
            "maintenance_version": "POSTGRES_15_18.R20260712.01_06",
            "master_instance_name": "",
            "name": "nodejs-devsecops-pg",
            "private_ip_address": "10.119.0.5",
            "project": "devops-assessment-nodejs",
            "psc_service_attachment_link": "",
            "public_ip_address": "",
            "region": "asia-south1",
            "replica_configuration": [],
            "restore_backup_context": [],
            "root_password": null,
            "self_link": "https://sqladmin.googleapis.com/sql/v1beta4/projects/devops-assessment-nodejs/instances/nodejs-devsecops-pg",
            "server_ca_cert": [
              {
                "cert": "-----BEGIN CERTIFICATE-----\nMIIDcTCCAlmgAwIBAgIBADANBgkqhkiG9w0BAQsFADBwMS0wKwYDVQQuEyQyYTQ1\nZjZhMy1jNjE5LTQ2YzctODRiYS0zMzExMTg1NjJmZjIxHDAaBgNVBAMTE0Nsb3Vk\nIFNRTCBTZXJ2ZXIgQ0ExFDASBgNVBAoTC0dvb2dsZSwgSW5jMQswCQYDVQQGEwJV\nUzAeFw0yNjA4MjEwMzQ3NTBaFw0zNjA4MTgwMzQ4NTBaMHAxLTArBgNVBC4TJDJh\nNDVmNmEzLWM2MTktNDZjNy04NGJhLTMzMTExODU2MmZmMjEcMBoGA1UEAxMTQ2xv\ndWQgU1FMIFNlcnZlciBDQTEUMBIGA1UEChMLR29vZ2xlLCBJbmMxCzAJBgNVBAYT\nAlVTMIIBIjANBgkqhkiG9w0BAQEFAAOCAQ8AMIIBCgKCAQEAuf7p+oohm52soFe5\nzG1Bg0YOVDBmZtAl5q2I9RNZ445OqoVi+VU7fzEH2A2WgzjC5VCw7F/ly1VeBMu1\nMt6RFbsac5XYzcqgxtsj2P1IKMKcomvBeYqZNayMVIl+pnfOq14jdGtJ8lcX32ER\n+2YYJczWR1DbvTcKnGIRqTE3udZg7Q0+E2bdRfcAd6z4qIbUsPeRj6pNwxED9n7n\n1BoP8gnlP/NPpd+3rY/JP7eJFFg9pXp4fY2OVwAVoESVzyg5JrC/z7+h7//OZ3s/\nJ3rlnywRtU/KVLPsjNuGc2K6kZrymA91GE3J6l4kI9gb3TvSkJIRHjdtgxDdyZrg\nqilyFwIDAQABoxYwFDASBgNVHRMBAf8ECDAGAQH/AgEAMA0GCSqGSIb3DQEBCwUA\nA4IBAQAA7Ll5DH/n7jQdZwMn6qkzxxgcEbOrsPgs45X/q8Qdh6bHACoyNjeb9E5T\nmsoSBUvTa4egviel+MHnoe0Td1mDl7yvLkJwSZ5IwCPIbK7HhXyD6MsPhyypHKkN\nDv7MiwcNcsqlLqXu+l9WaNczwGEoLxrXgPlR/fKuRW9xa0rTg39ouDVTB0WMl9xp\n5IqxZ6Cav3wsYQL+rLVuSxFMMcfb37NBEV/QsNFqk54ljAkQCNrxeaaV8fjEmN4x\nHrhqeOxQY0RA2T67RusASAL1Haofh5aDKo4XB6muqSK+GxmlrQme8vAZGakvIq33\nRKlJVo37lvV0oOQ6WC/Gi1xWJewn\n-----END CERTIFICATE-----",
                "common_name": "C=US,O=Google\\, Inc,CN=Cloud SQL Server CA,dnQualifier=2a45f6a3-c619-46c7-84ba-331118562ff2",
                "create_time": "2026-08-21T03:47:50.614Z",
                "expiration_time": "2036-08-18T03:48:50.614Z",
                "sha1_fingerprint": "5a1136adfeb58021bc360fc68e48568347e6c822"
              }
            ],
            "service_account_email_address": "p728348789287-ftzj5n@gcp-sa-cloud-sql.iam.gserviceaccount.com",
            "settings": [
              {
                "activation_policy": "ALWAYS",
                "active_directory_config": [],
                "advanced_machine_features": [],
                "availability_type": "ZONAL",
                "backup_configuration": [
                  {
                    "backup_retention_settings": [
                      {
                        "retained_backups": 7,
                        "retention_unit": "COUNT"
                      }
                    ],
                    "binary_log_enabled": false,
                    "enabled": true,
                    "location": "",
                    "point_in_time_recovery_enabled": false,
                    "start_time": "02:00",
                    "transaction_log_retention_days": 7
                  }
                ],
                "collation": "",
                "connector_enforcement": "NOT_REQUIRED",
                "data_cache_config": [],
                "database_flags": [],
                "deletion_protection_enabled": false,
                "deny_maintenance_period": [],
                "disk_autoresize": true,
                "disk_autoresize_limit": 0,
                "disk_size": 10,
                "disk_type": "PD_SSD",
                "edition": "ENTERPRISE",
                "enable_dataplex_integration": false,
                "enable_google_ml_integration": false,
                "insights_config": [],
                "ip_configuration": [
                  {
                    "allocated_ip_range": "",
                    "authorized_networks": [],
                    "enable_private_path_for_google_cloud_services": true,
                    "ipv4_enabled": false,
                    "private_network": "projects/devops-assessment-nodejs/global/networks/nodejs-devsecops-vpc",
                    "psc_config": [],
                    "require_ssl": false,
                    "server_ca_mode": "GOOGLE_MANAGED_INTERNAL_CA",
                    "ssl_mode": ""
                  }
                ],
                "location_preference": [
                  {
                    "follow_gae_application": "",
                    "secondary_zone": "",
                    "zone": "asia-south1-c"
                  }
                ],
                "maintenance_window": [],
                "password_validation_policy": [],
                "pricing_plan": "PER_USE",
                "sql_server_audit_config": [],
                "tier": "db-f1-micro",
                "time_zone": "",
                "user_labels": {},
                "version": 2
              }
            ],
            "timeouts": null
          },
          "sensitive_attributes": [
            [
              {
                "type": "get_attr",
                "value": "root_password"
              }
            ],
            [
              {
                "type": "get_attr",
                "value": "server_ca_cert"
              }
            ]
          ],
          "identity_schema_version": 0,
          "private": "eyJlMmJmYjczMC1lY2FhLTExZTYtOGY4OC0zNDM2M2JjN2M0YzAiOnsiY3JlYXRlIjo1NDAwMDAwMDAwMDAwLCJkZWxldGUiOjU0MDAwMDAwMDAwMDAsInVwZGF0ZSI6NTQwMDAwMDAwMDAwMH19",
          "dependencies": [
            "module.network.google_compute_global_address.private_ip_range",
            "module.network.google_compute_network.vpc",
            "module.network.google_service_networking_connection.private_vpc_connection"
          ]
        }
      ]
    },
    {
      "module": "module.cloud_sql",
      "mode": "managed",
      "type": "google_sql_user",
      "name": "app_user",
      "provider": "provider[\"registry.terraform.io/hashicorp/google\"]",
      "instances": [
        {
          "schema_version": 1,
          "attributes": {
            "deletion_policy": null,
            "host": "",
            "id": "appuser//nodejs-devsecops-pg",
            "instance": "nodejs-devsecops-pg",
            "name": "appuser",
            "password": "Of64SIHmQw\u003eomrCWzo$l",
            "password_policy": [],
            "project": "devops-assessment-nodejs",
            "sql_server_user_details": [],
            "timeouts": null,
            "type": ""
          },
          "sensitive_attributes": [
            [
              {
                "type": "get_attr",
                "value": "password"
              }
            ]
          ],
          "identity_schema_version": 0,
          "private": "eyJlMmJmYjczMC1lY2FhLTExZTYtOGY4OC0zNDM2M2JjN2M0YzAiOnsiY3JlYXRlIjo2MDAwMDAwMDAwMDAsImRlbGV0ZSI6NjAwMDAwMDAwMDAwLCJ1cGRhdGUiOjYwMDAwMDAwMDAwMH0sInNjaGVtYV92ZXJzaW9uIjoiMSJ9",
          "dependencies": [
            "module.cloud_sql.google_sql_database_instance.postgres",
            "module.cloud_sql.random_password.db_password",
            "module.network.google_compute_global_address.private_ip_range",
            "module.network.google_compute_network.vpc",
            "module.network.google_service_networking_connection.private_vpc_connection"
          ]
        }
      ]
    },
    {
      "module": "module.cloud_sql",
      "mode": "managed",
      "type": "random_password",
      "name": "db_password",
      "provider": "provider[\"registry.terraform.io/hashicorp/random\"]",
      "instances": [
        {
          "status": "tainted",
          "schema_version": 3,
          "attributes": {
            "bcrypt_hash": "$2a$10$XgVeIwE0xmxadLG54S/uteUsY13AbJJBy4OD/xiVTEufsvtb979AW",
            "id": "none",
            "keepers": null,
            "length": 20,
            "lower": true,
            "min_lower": 0,
            "min_numeric": 0,
            "min_special": 0,
            "min_upper": 0,
            "number": true,
            "numeric": true,
            "override_special": "!#$%\u0026*()-_=+[]{}\u003c\u003e:?",
            "result": "Of64SIHmQw\u003eomrCWzo$l",
            "special": true,
            "upper": true
          },
          "sensitive_attributes": [
            [
              {
                "type": "get_attr",
                "value": "bcrypt_hash"
              }
            ],
            [
              {
                "type": "get_attr",
                "value": "result"
              }
            ]
          ],
          "identity_schema_version": 0
        }
      ]
    },
    {
      "module": "module.iam",
      "mode": "managed",
      "type": "google_project_iam_member",
      "name": "artifact_registry_reader",
      "provider": "provider[\"registry.terraform.io/hashicorp/google\"]",
      "instances": [
        {
          "schema_version": 0,
          "attributes": {
            "condition": [],
            "etag": "BwZZhnxNSNw=",
            "id": "devops-assessment-nodejs/roles/artifactregistry.reader/serviceAccount:nodejs-devsecops-run-sa@devops-assessment-nodejs.iam.gserviceaccount.com",
            "member": "serviceAccount:nodejs-devsecops-run-sa@devops-assessment-nodejs.iam.gserviceaccount.com",
            "project": "devops-assessment-nodejs",
            "role": "roles/artifactregistry.reader"
          },
          "sensitive_attributes": [],
          "identity_schema_version": 0,
          "private": "bnVsbA==",
          "dependencies": [
            "module.iam.google_service_account.cloud_run_sa"
          ]
        }
      ]
    },
    {
      "module": "module.iam",
      "mode": "managed",
      "type": "google_project_iam_member",
      "name": "cloud_sql_client",
      "provider": "provider[\"registry.terraform.io/hashicorp/google\"]",
      "instances": [
        {
          "schema_version": 0,
          "attributes": {
            "condition": [],
            "etag": "BwZZhnxNSNw=",
            "id": "devops-assessment-nodejs/roles/cloudsql.client/serviceAccount:nodejs-devsecops-run-sa@devops-assessment-nodejs.iam.gserviceaccount.com",
            "member": "serviceAccount:nodejs-devsecops-run-sa@devops-assessment-nodejs.iam.gserviceaccount.com",
            "project": "devops-assessment-nodejs",
            "role": "roles/cloudsql.client"
          },
          "sensitive_attributes": [],
          "identity_schema_version": 0,
          "private": "bnVsbA==",
          "dependencies": [
            "module.iam.google_service_account.cloud_run_sa"
          ]
        }
      ]
    },
    {
      "module": "module.iam",
      "mode": "managed",
      "type": "google_project_iam_member",
      "name": "deployer_artifact_writer",
      "provider": "provider[\"registry.terraform.io/hashicorp/google\"]",
      "instances": [
        {
          "schema_version": 0,
          "attributes": {
            "condition": [],
            "etag": "BwZZhnxNSNw=",
            "id": "devops-assessment-nodejs/roles/artifactregistry.writer/serviceAccount:nodejs-devsecops-deployer@devops-assessment-nodejs.iam.gserviceaccount.com",
            "member": "serviceAccount:nodejs-devsecops-deployer@devops-assessment-nodejs.iam.gserviceaccount.com",
            "project": "devops-assessment-nodejs",
            "role": "roles/artifactregistry.writer"
          },
          "sensitive_attributes": [],
          "identity_schema_version": 0,
          "private": "bnVsbA==",
          "dependencies": [
            "module.iam.google_service_account.deployer_sa"
          ]
        }
      ]
    },
    {
      "module": "module.iam",
      "mode": "managed",
      "type": "google_project_iam_member",
      "name": "deployer_run_admin",
      "provider": "provider[\"registry.terraform.io/hashicorp/google\"]",
      "instances": [
        {
          "schema_version": 0,
          "attributes": {
            "condition": [],
            "etag": "BwZZhnxNSNw=",
            "id": "devops-assessment-nodejs/roles/run.admin/serviceAccount:nodejs-devsecops-deployer@devops-assessment-nodejs.iam.gserviceaccount.com",
            "member": "serviceAccount:nodejs-devsecops-deployer@devops-assessment-nodejs.iam.gserviceaccount.com",
            "project": "devops-assessment-nodejs",
            "role": "roles/run.admin"
          },
          "sensitive_attributes": [],
          "identity_schema_version": 0,
          "private": "bnVsbA==",
          "dependencies": [
            "module.iam.google_service_account.deployer_sa"
          ]
        }
      ]
    },
    {
      "module": "module.iam",
      "mode": "managed",
      "type": "google_project_iam_member",
      "name": "log_writer",
      "provider": "provider[\"registry.terraform.io/hashicorp/google\"]",
      "instances": [
        {
          "schema_version": 0,
          "attributes": {
            "condition": [],
            "etag": "BwZZhnxNSNw=",
            "id": "devops-assessment-nodejs/roles/logging.logWriter/serviceAccount:nodejs-devsecops-run-sa@devops-assessment-nodejs.iam.gserviceaccount.com",
            "member": "serviceAccount:nodejs-devsecops-run-sa@devops-assessment-nodejs.iam.gserviceaccount.com",
            "project": "devops-assessment-nodejs",
            "role": "roles/logging.logWriter"
          },
          "sensitive_attributes": [],
          "identity_schema_version": 0,
          "private": "bnVsbA==",
          "dependencies": [
            "module.iam.google_service_account.cloud_run_sa"
          ]
        }
      ]
    },
    {
      "module": "module.iam",
      "mode": "managed",
      "type": "google_project_iam_member",
      "name": "metric_writer",
      "provider": "provider[\"registry.terraform.io/hashicorp/google\"]",
      "instances": [
        {
          "schema_version": 0,
          "attributes": {
            "condition": [],
            "etag": "BwZZhnxNSNw=",
            "id": "devops-assessment-nodejs/roles/monitoring.metricWriter/serviceAccount:nodejs-devsecops-run-sa@devops-assessment-nodejs.iam.gserviceaccount.com",
            "member": "serviceAccount:nodejs-devsecops-run-sa@devops-assessment-nodejs.iam.gserviceaccount.com",
            "project": "devops-assessment-nodejs",
            "role": "roles/monitoring.metricWriter"
          },
          "sensitive_attributes": [],
          "identity_schema_version": 0,
          "private": "bnVsbA==",
          "dependencies": [
            "module.iam.google_service_account.cloud_run_sa"
          ]
        }
      ]
    },
    {
      "module": "module.iam",
      "mode": "managed",
      "type": "google_project_iam_member",
      "name": "secret_accessor",
      "provider": "provider[\"registry.terraform.io/hashicorp/google\"]",
      "instances": [
        {
          "schema_version": 0,
          "attributes": {
            "condition": [],
            "etag": "BwZZhnxNSNw=",
            "id": "devops-assessment-nodejs/roles/secretmanager.secretAccessor/serviceAccount:nodejs-devsecops-run-sa@devops-assessment-nodejs.iam.gserviceaccount.com",
            "member": "serviceAccount:nodejs-devsecops-run-sa@devops-assessment-nodejs.iam.gserviceaccount.com",
            "project": "devops-assessment-nodejs",
            "role": "roles/secretmanager.secretAccessor"
          },
          "sensitive_attributes": [],
          "identity_schema_version": 0,
          "private": "bnVsbA==",
          "dependencies": [
            "module.iam.google_service_account.cloud_run_sa"
          ]
        }
      ]
    },
    {
      "module": "module.iam",
      "mode": "managed",
      "type": "google_service_account",
      "name": "cloud_run_sa",
      "provider": "provider[\"registry.terraform.io/hashicorp/google\"]",
      "instances": [
        {
          "schema_version": 0,
          "attributes": {
            "account_id": "nodejs-devsecops-run-sa",
            "create_ignore_already_exists": null,
            "description": "",
            "disabled": false,
            "display_name": "Cloud Run runtime SA for nodejs-devsecops",
            "email": "nodejs-devsecops-run-sa@devops-assessment-nodejs.iam.gserviceaccount.com",
            "id": "projects/devops-assessment-nodejs/serviceAccounts/nodejs-devsecops-run-sa@devops-assessment-nodejs.iam.gserviceaccount.com",
            "member": "serviceAccount:nodejs-devsecops-run-sa@devops-assessment-nodejs.iam.gserviceaccount.com",
            "name": "projects/devops-assessment-nodejs/serviceAccounts/nodejs-devsecops-run-sa@devops-assessment-nodejs.iam.gserviceaccount.com",
            "project": "devops-assessment-nodejs",
            "timeouts": null,
            "unique_id": "101666401313336336855"
          },
          "sensitive_attributes": [],
          "identity_schema_version": 0,
          "private": "eyJlMmJmYjczMC1lY2FhLTExZTYtOGY4OC0zNDM2M2JjN2M0YzAiOnsiY3JlYXRlIjozMDAwMDAwMDAwMDB9fQ=="
        }
      ]
    },
    {
      "module": "module.iam",
      "mode": "managed",
      "type": "google_service_account",
      "name": "deployer_sa",
      "provider": "provider[\"registry.terraform.io/hashicorp/google\"]",
      "instances": [
        {
          "schema_version": 0,
          "attributes": {
            "account_id": "nodejs-devsecops-deployer",
            "create_ignore_already_exists": null,
            "description": "",
            "disabled": false,
            "display_name": "CI/CD deployer SA for nodejs-devsecops",
            "email": "nodejs-devsecops-deployer@devops-assessment-nodejs.iam.gserviceaccount.com",
            "id": "projects/devops-assessment-nodejs/serviceAccounts/nodejs-devsecops-deployer@devops-assessment-nodejs.iam.gserviceaccount.com",
            "member": "serviceAccount:nodejs-devsecops-deployer@devops-assessment-nodejs.iam.gserviceaccount.com",
            "name": "projects/devops-assessment-nodejs/serviceAccounts/nodejs-devsecops-deployer@devops-assessment-nodejs.iam.gserviceaccount.com",
            "project": "devops-assessment-nodejs",
            "timeouts": null,
            "unique_id": "115870097173521661102"
          },
          "sensitive_attributes": [],
          "identity_schema_version": 0,
          "private": "eyJlMmJmYjczMC1lY2FhLTExZTYtOGY4OC0zNDM2M2JjN2M0YzAiOnsiY3JlYXRlIjozMDAwMDAwMDAwMDB9fQ=="
        }
      ]
    },
    {
      "module": "module.iam",
      "mode": "managed",
      "type": "google_service_account_iam_member",
      "name": "deployer_can_act_as_runtime_sa",
      "provider": "provider[\"registry.terraform.io/hashicorp/google\"]",
      "instances": [
        {
          "schema_version": 0,
          "attributes": {
            "condition": [],
            "etag": "BwZZhnvFX8s=",
            "id": "projects/devops-assessment-nodejs/serviceAccounts/nodejs-devsecops-run-sa@devops-assessment-nodejs.iam.gserviceaccount.com/roles/iam.serviceAccountUser/serviceAccount:nodejs-devsecops-deployer@devops-assessment-nodejs.iam.gserviceaccount.com",
            "member": "serviceAccount:nodejs-devsecops-deployer@devops-assessment-nodejs.iam.gserviceaccount.com",
            "role": "roles/iam.serviceAccountUser",
            "service_account_id": "projects/devops-assessment-nodejs/serviceAccounts/nodejs-devsecops-run-sa@devops-assessment-nodejs.iam.gserviceaccount.com"
          },
          "sensitive_attributes": [],
          "identity_schema_version": 0,
          "private": "bnVsbA==",
          "dependencies": [
            "module.iam.google_service_account.cloud_run_sa",
            "module.iam.google_service_account.deployer_sa"
          ]
        }
      ]
    },
    {
      "module": "module.monitoring",
      "mode": "managed",
      "type": "google_logging_metric",
      "name": "error_count",
      "provider": "provider[\"registry.terraform.io/hashicorp/google\"]",
      "instances": [
        {
          "schema_version": 0,
          "attributes": {
            "bucket_name": "",
            "bucket_options": [],
            "description": "",
            "disabled": false,
            "filter": "resource.type=\"cloud_run_revision\" AND resource.labels.service_name=\"nodejs-devsecops-service\" AND httpRequest.status\u003e=500",
            "id": "nodejs-devsecops-5xx-errors",
            "label_extractors": {},
            "metric_descriptor": [
              {
                "display_name": "",
                "labels": [],
                "metric_kind": "DELTA",
                "unit": "1",
                "value_type": "INT64"
              }
            ],
            "name": "nodejs-devsecops-5xx-errors",
            "project": "devops-assessment-nodejs",
            "timeouts": null,
            "value_extractor": ""
          },
          "sensitive_attributes": [],
          "identity_schema_version": 0,
          "private": "eyJlMmJmYjczMC1lY2FhLTExZTYtOGY4OC0zNDM2M2JjN2M0YzAiOnsiY3JlYXRlIjoxMjAwMDAwMDAwMDAwLCJkZWxldGUiOjEyMDAwMDAwMDAwMDAsInVwZGF0ZSI6MTIwMDAwMDAwMDAwMH19"
        }
      ]
    },
    {
      "module": "module.monitoring",
      "mode": "managed",
      "type": "google_monitoring_alert_policy",
      "name": "cpu_critical",
      "provider": "provider[\"registry.terraform.io/hashicorp/google\"]",
      "instances": [
        {
          "schema_version": 0,
          "attributes": {
            "alert_strategy": [
              {
                "auto_close": "1800s",
                "notification_channel_strategy": [],
                "notification_rate_limit": []
              }
            ],
            "combiner": "OR",
            "conditions": [
              {
                "condition_absent": [],
                "condition_matched_log": [],
                "condition_monitoring_query_language": [],
                "condition_prometheus_query_language": [],
                "condition_threshold": [
                  {
                    "aggregations": [
                      {
                        "alignment_period": "60s",
                        "cross_series_reducer": "",
                        "group_by_fields": [],
                        "per_series_aligner": "ALIGN_PERCENTILE_99"
                      }
                    ],
                    "comparison": "COMPARISON_GT",
                    "denominator_aggregations": [],
                    "denominator_filter": "",
                    "duration": "180s",
                    "evaluation_missing_data": "",
                    "filter": "resource.type = \"cloud_run_revision\" AND resource.labels.service_name = \"nodejs-devsecops-service\" AND metric.type = \"run.googleapis.com/container/cpu/utilizations\"",
                    "forecast_options": [],
                    "threshold_value": 0.8,
                    "trigger": []
                  }
                ],
                "display_name": "CPU utilization above 80% for consecutive datapoints",
                "name": "projects/devops-assessment-nodejs/alertPolicies/14893300095634207634/conditions/14893300095634207285"
              }
            ],
            "creation_record": [
              {
                "mutate_time": "2026-08-21T04:02:39.234750484Z",
                "mutated_by": "sassiedharan2012@gmail.com"
              }
            ],
            "display_name": "nodejs-devsecops CPU \u003e 80% (Critical)",
            "documentation": [],
            "enabled": true,
            "id": "projects/devops-assessment-nodejs/alertPolicies/14893300095634207634",
            "name": "projects/devops-assessment-nodejs/alertPolicies/14893300095634207634",
            "notification_channels": [
              "projects/devops-assessment-nodejs/notificationChannels/13570974970401987870"
            ],
            "project": "devops-assessment-nodejs",
            "severity": "",
            "timeouts": null,
            "user_labels": {}
          },
          "sensitive_attributes": [],
          "identity_schema_version": 0,
          "private": "eyJlMmJmYjczMC1lY2FhLTExZTYtOGY4OC0zNDM2M2JjN2M0YzAiOnsiY3JlYXRlIjoxMjAwMDAwMDAwMDAwLCJkZWxldGUiOjEyMDAwMDAwMDAwMDAsInVwZGF0ZSI6MTIwMDAwMDAwMDAwMH19",
          "dependencies": [
            "module.monitoring.google_monitoring_notification_channel.email"
          ]
        }
      ]
    },
    {
      "module": "module.monitoring",
      "mode": "managed",
      "type": "google_monitoring_alert_policy",
      "name": "cpu_warning",
      "provider": "provider[\"registry.terraform.io/hashicorp/google\"]",
      "instances": [
        {
          "schema_version": 0,
          "attributes": {
            "alert_strategy": [
              {
                "auto_close": "1800s",
                "notification_channel_strategy": [],
                "notification_rate_limit": []
              }
            ],
            "combiner": "OR",
            "conditions": [
              {
                "condition_absent": [],
                "condition_matched_log": [],
                "condition_monitoring_query_language": [],
                "condition_prometheus_query_language": [],
                "condition_threshold": [
                  {
                    "aggregations": [
                      {
                        "alignment_period": "60s",
                        "cross_series_reducer": "",
                        "group_by_fields": [],
                        "per_series_aligner": "ALIGN_PERCENTILE_99"
                      }
                    ],
                    "comparison": "COMPARISON_GT",
                    "denominator_aggregations": [],
                    "denominator_filter": "",
                    "duration": "60s",
                    "evaluation_missing_data": "",
                    "filter": "resource.type = \"cloud_run_revision\" AND resource.labels.service_name = \"nodejs-devsecops-service\" AND metric.type = \"run.googleapis.com/container/cpu/utilizations\"",
                    "forecast_options": [],
                    "threshold_value": 0.7,
                    "trigger": []
                  }
                ],
                "display_name": "CPU utilization above 70%",
                "name": "projects/devops-assessment-nodejs/alertPolicies/12377166125288162985/conditions/12377166125288162860"
              }
            ],
            "creation_record": [
              {
                "mutate_time": "2026-08-21T04:02:34.748459705Z",
                "mutated_by": "sassiedharan2012@gmail.com"
              }
            ],
            "display_name": "nodejs-devsecops CPU \u003e 70% (Warning)",
            "documentation": [],
            "enabled": true,
            "id": "projects/devops-assessment-nodejs/alertPolicies/12377166125288162985",
            "name": "projects/devops-assessment-nodejs/alertPolicies/12377166125288162985",
            "notification_channels": [
              "projects/devops-assessment-nodejs/notificationChannels/4670257202507310772"
            ],
            "project": "devops-assessment-nodejs",
            "severity": "",
            "timeouts": null,
            "user_labels": {}
          },
          "sensitive_attributes": [],
          "identity_schema_version": 0,
          "private": "eyJlMmJmYjczMC1lY2FhLTExZTYtOGY4OC0zNDM2M2JjN2M0YzAiOnsiY3JlYXRlIjoxMjAwMDAwMDAwMDAwLCJkZWxldGUiOjEyMDAwMDAwMDAwMDAsInVwZGF0ZSI6MTIwMDAwMDAwMDAwMH19",
          "dependencies": [
            "module.monitoring.google_monitoring_notification_channel.chat"
          ]
        }
      ]
    },
    {
      "module": "module.monitoring",
      "mode": "managed",
      "type": "google_monitoring_alert_policy",
      "name": "memory_critical",
      "provider": "provider[\"registry.terraform.io/hashicorp/google\"]",
      "instances": [
        {
          "schema_version": 0,
          "attributes": {
            "alert_strategy": [
              {
                "auto_close": "1800s",
                "notification_channel_strategy": [],
                "notification_rate_limit": []
              }
            ],
            "combiner": "OR",
            "conditions": [
              {
                "condition_absent": [],
                "condition_matched_log": [],
                "condition_monitoring_query_language": [],
                "condition_prometheus_query_language": [],
                "condition_threshold": [
                  {
                    "aggregations": [
                      {
                        "alignment_period": "60s",
                        "cross_series_reducer": "",
                        "group_by_fields": [],
                        "per_series_aligner": "ALIGN_PERCENTILE_99"
                      }
                    ],
                    "comparison": "COMPARISON_GT",
                    "denominator_aggregations": [],
                    "denominator_filter": "",
                    "duration": "180s",
                    "evaluation_missing_data": "",
                    "filter": "resource.type = \"cloud_run_revision\" AND resource.labels.service_name = \"nodejs-devsecops-service\" AND metric.type = \"run.googleapis.com/container/memory/utilizations\"",
                    "forecast_options": [],
                    "threshold_value": 0.8,
                    "trigger": []
                  }
                ],
                "display_name": "Memory utilization above 80% for consecutive datapoints",
                "name": "projects/devops-assessment-nodejs/alertPolicies/14893300095634207579/conditions/14893300095634207230"
              }
            ],
            "creation_record": [
              {
                "mutate_time": "2026-08-21T04:02:36.886187855Z",
                "mutated_by": "sassiedharan2012@gmail.com"
              }
            ],
            "display_name": "nodejs-devsecops Memory \u003e 80% (Critical)",
            "documentation": [],
            "enabled": true,
            "id": "projects/devops-assessment-nodejs/alertPolicies/14893300095634207579",
            "name": "projects/devops-assessment-nodejs/alertPolicies/14893300095634207579",
            "notification_channels": [
              "projects/devops-assessment-nodejs/notificationChannels/13570974970401987870"
            ],
            "project": "devops-assessment-nodejs",
            "severity": "",
            "timeouts": null,
            "user_labels": {}
          },
          "sensitive_attributes": [],
          "identity_schema_version": 0,
          "private": "eyJlMmJmYjczMC1lY2FhLTExZTYtOGY4OC0zNDM2M2JjN2M0YzAiOnsiY3JlYXRlIjoxMjAwMDAwMDAwMDAwLCJkZWxldGUiOjEyMDAwMDAwMDAwMDAsInVwZGF0ZSI6MTIwMDAwMDAwMDAwMH19",
          "dependencies": [
            "module.monitoring.google_monitoring_notification_channel.email"
          ]
        }
      ]
    },
    {
      "module": "module.monitoring",
      "mode": "managed",
      "type": "google_monitoring_alert_policy",
      "name": "memory_warning",
      "provider": "provider[\"registry.terraform.io/hashicorp/google\"]",
      "instances": [
        {
          "schema_version": 0,
          "attributes": {
            "alert_strategy": [
              {
                "auto_close": "1800s",
                "notification_channel_strategy": [],
                "notification_rate_limit": []
              }
            ],
            "combiner": "OR",
            "conditions": [
              {
                "condition_absent": [],
                "condition_matched_log": [],
                "condition_monitoring_query_language": [],
                "condition_prometheus_query_language": [],
                "condition_threshold": [
                  {
                    "aggregations": [
                      {
                        "alignment_period": "60s",
                        "cross_series_reducer": "",
                        "group_by_fields": [],
                        "per_series_aligner": "ALIGN_PERCENTILE_99"
                      }
                    ],
                    "comparison": "COMPARISON_GT",
                    "denominator_aggregations": [],
                    "denominator_filter": "",
                    "duration": "60s",
                    "evaluation_missing_data": "",
                    "filter": "resource.type = \"cloud_run_revision\" AND resource.labels.service_name = \"nodejs-devsecops-service\" AND metric.type = \"run.googleapis.com/container/memory/utilizations\"",
                    "forecast_options": [],
                    "threshold_value": 0.7,
                    "trigger": []
                  }
                ],
                "display_name": "Memory utilization above 70%",
                "name": "projects/devops-assessment-nodejs/alertPolicies/12890476121533377793/conditions/12890476121533375378"
              }
            ],
            "creation_record": [
              {
                "mutate_time": "2026-08-21T04:02:41.294669053Z",
                "mutated_by": "sassiedharan2012@gmail.com"
              }
            ],
            "display_name": "nodejs-devsecops Memory \u003e 70% (Warning)",
            "documentation": [],
            "enabled": true,
            "id": "projects/devops-assessment-nodejs/alertPolicies/12890476121533377793",
            "name": "projects/devops-assessment-nodejs/alertPolicies/12890476121533377793",
            "notification_channels": [
              "projects/devops-assessment-nodejs/notificationChannels/4670257202507310772"
            ],
            "project": "devops-assessment-nodejs",
            "severity": "",
            "timeouts": null,
            "user_labels": {}
          },
          "sensitive_attributes": [],
          "identity_schema_version": 0,
          "private": "eyJlMmJmYjczMC1lY2FhLTExZTYtOGY4OC0zNDM2M2JjN2M0YzAiOnsiY3JlYXRlIjoxMjAwMDAwMDAwMDAwLCJkZWxldGUiOjEyMDAwMDAwMDAwMDAsInVwZGF0ZSI6MTIwMDAwMDAwMDAwMH19",
          "dependencies": [
            "module.monitoring.google_monitoring_notification_channel.chat"
          ]
        }
      ]
    },
    {
      "module": "module.monitoring",
      "mode": "managed",
      "type": "google_monitoring_notification_channel",
      "name": "chat",
      "provider": "provider[\"registry.terraform.io/hashicorp/google\"]",
      "instances": [
        {
          "schema_version": 0,
          "attributes": {
            "description": "",
            "display_name": "nodejs-devsecops Google Chat Warnings",
            "enabled": true,
            "force_delete": false,
            "id": "projects/devops-assessment-nodejs/notificationChannels/4670257202507310772",
            "labels": {
              "url": "https://chat.googleapis.com/v1/spaces/PLACEHOLDER/messages?key=PLACEHOLDER\u0026token=PLACEHOLDER"
            },
            "name": "projects/devops-assessment-nodejs/notificationChannels/4670257202507310772",
            "project": "devops-assessment-nodejs",
            "sensitive_labels": [
              {
                "auth_token": "",
                "password": "",
                "service_key": ""
              }
            ],
            "timeouts": null,
            "type": "webhook_tokenauth",
            "user_labels": {},
            "verification_status": ""
          },
          "sensitive_attributes": [
            [
              {
                "type": "get_attr",
                "value": "labels"
              },
              {
                "type": "index",
                "value": {
                  "value": "url",
                  "type": "string"
                }
              }
            ],
            [
              {
                "type": "get_attr",
                "value": "sensitive_labels"
              },
              {
                "type": "index",
                "value": {
                  "value": 0,
                  "type": "number"
                }
              },
              {
                "type": "get_attr",
                "value": "auth_token"
              }
            ],
            [
              {
                "type": "get_attr",
                "value": "sensitive_labels"
              },
              {
                "type": "index",
                "value": {
                  "value": 0,
                  "type": "number"
                }
              },
              {
                "type": "get_attr",
                "value": "password"
              }
            ],
            [
              {
                "type": "get_attr",
                "value": "sensitive_labels"
              },
              {
                "type": "index",
                "value": {
                  "value": 0,
                  "type": "number"
                }
              },
              {
                "type": "get_attr",
                "value": "service_key"
              }
            ]
          ],
          "identity_schema_version": 0,
          "private": "eyJlMmJmYjczMC1lY2FhLTExZTYtOGY4OC0zNDM2M2JjN2M0YzAiOnsiY3JlYXRlIjoxMjAwMDAwMDAwMDAwLCJkZWxldGUiOjEyMDAwMDAwMDAwMDAsInVwZGF0ZSI6MTIwMDAwMDAwMDAwMH19"
        }
      ]
    },
    {
      "module": "module.monitoring",
      "mode": "managed",
      "type": "google_monitoring_notification_channel",
      "name": "email",
      "provider": "provider[\"registry.terraform.io/hashicorp/google\"]",
      "instances": [
        {
          "schema_version": 0,
          "attributes": {
            "description": "",
            "display_name": "nodejs-devsecops Email Alerts",
            "enabled": true,
            "force_delete": false,
            "id": "projects/devops-assessment-nodejs/notificationChannels/13570974970401987870",
            "labels": {
              "email_address": "sassiedharan2012@gmail.com"
            },
            "name": "projects/devops-assessment-nodejs/notificationChannels/13570974970401987870",
            "project": "devops-assessment-nodejs",
            "sensitive_labels": [],
            "timeouts": null,
            "type": "email",
            "user_labels": {},
            "verification_status": ""
          },
          "sensitive_attributes": [],
          "identity_schema_version": 0,
          "private": "eyJlMmJmYjczMC1lY2FhLTExZTYtOGY4OC0zNDM2M2JjN2M0YzAiOnsiY3JlYXRlIjoxMjAwMDAwMDAwMDAwLCJkZWxldGUiOjEyMDAwMDAwMDAwMDAsInVwZGF0ZSI6MTIwMDAwMDAwMDAwMH19"
        }
      ]
    },
    {
      "module": "module.network",
      "mode": "managed",
      "type": "google_compute_firewall",
      "name": "allow_internal",
      "provider": "provider[\"registry.terraform.io/hashicorp/google\"]",
      "instances": [
        {
          "schema_version": 1,
          "attributes": {
            "allow": [
              {
                "ports": [
                  "5432"
                ],
                "protocol": "tcp"
              }
            ],
            "creation_timestamp": "2026-08-20T20:46:25.317-07:00",
            "deny": [],
            "description": "",
            "destination_ranges": [],
            "direction": "INGRESS",
            "disabled": false,
            "enable_logging": null,
            "id": "projects/devops-assessment-nodejs/global/firewalls/nodejs-devsecops-vpc-allow-internal",
            "log_config": [],
            "name": "nodejs-devsecops-vpc-allow-internal",
            "network": "https://www.googleapis.com/compute/v1/projects/devops-assessment-nodejs/global/networks/nodejs-devsecops-vpc",
            "priority": 1000,
            "project": "devops-assessment-nodejs",
            "self_link": "https://www.googleapis.com/compute/v1/projects/devops-assessment-nodejs/global/firewalls/nodejs-devsecops-vpc-allow-internal",
            "source_ranges": [
              "10.0.0.0/24",
              "10.8.0.0/28"
            ],
            "source_service_accounts": [],
            "source_tags": [],
            "target_service_accounts": [],
            "target_tags": [],
            "timeouts": null
          },
          "sensitive_attributes": [],
          "identity_schema_version": 0,
          "private": "eyJlMmJmYjczMC1lY2FhLTExZTYtOGY4OC0zNDM2M2JjN2M0YzAiOnsiY3JlYXRlIjoxMjAwMDAwMDAwMDAwLCJkZWxldGUiOjEyMDAwMDAwMDAwMDAsInVwZGF0ZSI6MTIwMDAwMDAwMDAwMH0sInNjaGVtYV92ZXJzaW9uIjoiMSJ9",
          "dependencies": [
            "module.network.google_compute_network.vpc"
          ]
        }
      ]
    },
    {
      "module": "module.network",
      "mode": "managed",
      "type": "google_compute_firewall",
      "name": "deny_all_ingress",
      "provider": "provider[\"registry.terraform.io/hashicorp/google\"]",
      "instances": [
        {
          "schema_version": 1,
          "attributes": {
            "allow": [],
            "creation_timestamp": "2026-08-20T20:46:25.317-07:00",
            "deny": [
              {
                "ports": [],
                "protocol": "all"
              }
            ],
            "description": "",
            "destination_ranges": [],
            "direction": "INGRESS",
            "disabled": false,
            "enable_logging": null,
            "id": "projects/devops-assessment-nodejs/global/firewalls/nodejs-devsecops-vpc-deny-all-ingress",
            "log_config": [],
            "name": "nodejs-devsecops-vpc-deny-all-ingress",
            "network": "https://www.googleapis.com/compute/v1/projects/devops-assessment-nodejs/global/networks/nodejs-devsecops-vpc",
            "priority": 65534,
            "project": "devops-assessment-nodejs",
            "self_link": "https://www.googleapis.com/compute/v1/projects/devops-assessment-nodejs/global/firewalls/nodejs-devsecops-vpc-deny-all-ingress",
            "source_ranges": [
              "0.0.0.0/0"
            ],
            "source_service_accounts": [],
            "source_tags": [],
            "target_service_accounts": [],
            "target_tags": [],
            "timeouts": null
          },
          "sensitive_attributes": [],
          "identity_schema_version": 0,
          "private": "eyJlMmJmYjczMC1lY2FhLTExZTYtOGY4OC0zNDM2M2JjN2M0YzAiOnsiY3JlYXRlIjoxMjAwMDAwMDAwMDAwLCJkZWxldGUiOjEyMDAwMDAwMDAwMDAsInVwZGF0ZSI6MTIwMDAwMDAwMDAwMH0sInNjaGVtYV92ZXJzaW9uIjoiMSJ9",
          "dependencies": [
            "module.network.google_compute_network.vpc"
          ]
        }
      ]
    },
    {
      "module": "module.network",
      "mode": "managed",
      "type": "google_compute_global_address",
      "name": "private_ip_range",
      "provider": "provider[\"registry.terraform.io/hashicorp/google\"]",
      "instances": [
        {
          "schema_version": 0,
          "attributes": {
            "address": "10.119.0.0",
            "address_type": "INTERNAL",
            "creation_timestamp": "2026-08-20T09:19:03.337-07:00",
            "description": "",
            "effective_labels": {},
            "id": "projects/devops-assessment-nodejs/global/addresses/nodejs-devsecops-vpc-private-ip-range",
            "ip_version": "",
            "label_fingerprint": "42WmSpB8rSM=",
            "labels": {},
            "name": "nodejs-devsecops-vpc-private-ip-range",
            "network": "https://www.googleapis.com/compute/v1/projects/devops-assessment-nodejs/global/networks/nodejs-devsecops-vpc",
            "prefix_length": 16,
            "project": "devops-assessment-nodejs",
            "purpose": "VPC_PEERING",
            "self_link": "https://www.googleapis.com/compute/v1/projects/devops-assessment-nodejs/global/addresses/nodejs-devsecops-vpc-private-ip-range",
            "terraform_labels": {},
            "timeouts": null
          },
          "sensitive_attributes": [],
          "identity_schema_version": 0,
          "private": "eyJlMmJmYjczMC1lY2FhLTExZTYtOGY4OC0zNDM2M2JjN2M0YzAiOnsiY3JlYXRlIjoxMjAwMDAwMDAwMDAwLCJkZWxldGUiOjEyMDAwMDAwMDAwMDAsInVwZGF0ZSI6MTIwMDAwMDAwMDAwMH19",
          "dependencies": [
            "module.network.google_compute_network.vpc"
          ]
        }
      ]
    },
    {
      "module": "module.network",
      "mode": "managed",
      "type": "google_compute_network",
      "name": "vpc",
      "provider": "provider[\"registry.terraform.io/hashicorp/google\"]",
      "instances": [
        {
          "schema_version": 0,
          "attributes": {
            "auto_create_subnetworks": false,
            "delete_default_routes_on_create": false,
            "description": "",
            "enable_ula_internal_ipv6": false,
            "gateway_ipv4": "",
            "id": "projects/devops-assessment-nodejs/global/networks/nodejs-devsecops-vpc",
            "internal_ipv6_range": "",
            "mtu": 0,
            "name": "nodejs-devsecops-vpc",
            "network_firewall_policy_enforcement_order": "AFTER_CLASSIC_FIREWALL",
            "numeric_id": "4182288192062002703",
            "project": "devops-assessment-nodejs",
            "routing_mode": "REGIONAL",
            "self_link": "https://www.googleapis.com/compute/v1/projects/devops-assessment-nodejs/global/networks/nodejs-devsecops-vpc",
            "timeouts": null
          },
          "sensitive_attributes": [],
          "identity_schema_version": 0,
          "private": "eyJlMmJmYjczMC1lY2FhLTExZTYtOGY4OC0zNDM2M2JjN2M0YzAiOnsiY3JlYXRlIjoxMjAwMDAwMDAwMDAwLCJkZWxldGUiOjEyMDAwMDAwMDAwMDAsInVwZGF0ZSI6MTIwMDAwMDAwMDAwMH19"
        }
      ]
    },
    {
      "module": "module.network",
      "mode": "managed",
      "type": "google_compute_subnetwork",
      "name": "subnet",
      "provider": "provider[\"registry.terraform.io/hashicorp/google\"]",
      "instances": [
        {
          "schema_version": 0,
          "attributes": {
            "creation_timestamp": "2026-08-20T21:02:35.365-07:00",
            "description": "",
            "external_ipv6_prefix": "",
            "fingerprint": null,
            "gateway_address": "10.0.0.1",
            "id": "projects/devops-assessment-nodejs/regions/asia-south1/subnetworks/nodejs-devsecops-vpc-subnet",
            "internal_ipv6_prefix": "",
            "ip_cidr_range": "10.0.0.0/24",
            "ipv6_access_type": "",
            "ipv6_cidr_range": "",
            "log_config": [],
            "name": "nodejs-devsecops-vpc-subnet",
            "network": "https://www.googleapis.com/compute/v1/projects/devops-assessment-nodejs/global/networks/nodejs-devsecops-vpc",
            "private_ip_google_access": true,
            "private_ipv6_google_access": "DISABLE_GOOGLE_ACCESS",
            "project": "devops-assessment-nodejs",
            "purpose": "PRIVATE",
            "region": "asia-south1",
            "role": "",
            "secondary_ip_range": [],
            "self_link": "https://www.googleapis.com/compute/v1/projects/devops-assessment-nodejs/regions/asia-south1/subnetworks/nodejs-devsecops-vpc-subnet",
            "send_secondary_ip_range_if_empty": null,
            "stack_type": "IPV4_ONLY",
            "timeouts": null
          },
          "sensitive_attributes": [],
          "identity_schema_version": 0,
          "private": "eyJlMmJmYjczMC1lY2FhLTExZTYtOGY4OC0zNDM2M2JjN2M0YzAiOnsiY3JlYXRlIjoxMjAwMDAwMDAwMDAwLCJkZWxldGUiOjEyMDAwMDAwMDAwMDAsInVwZGF0ZSI6MTIwMDAwMDAwMDAwMH19",
          "dependencies": [
            "module.network.google_compute_network.vpc"
          ]
        }
      ]
    },
    {
      "module": "module.network",
      "mode": "managed",
      "type": "google_service_networking_connection",
      "name": "private_vpc_connection",
      "provider": "provider[\"registry.terraform.io/hashicorp/google\"]",
      "instances": [
        {
          "schema_version": 0,
          "attributes": {
            "deletion_policy": null,
            "id": "projects%2Fdevops-assessment-nodejs%2Fglobal%2Fnetworks%2Fnodejs-devsecops-vpc:servicenetworking.googleapis.com",
            "network": "projects/devops-assessment-nodejs/global/networks/nodejs-devsecops-vpc",
            "peering": "servicenetworking-googleapis-com",
            "reserved_peering_ranges": [
              "nodejs-devsecops-vpc-private-ip-range"
            ],
            "service": "servicenetworking.googleapis.com",
            "timeouts": null,
            "update_on_creation_fail": null
          },
          "sensitive_attributes": [],
          "identity_schema_version": 0,
          "private": "eyJlMmJmYjczMC1lY2FhLTExZTYtOGY4OC0zNDM2M2JjN2M0YzAiOnsiY3JlYXRlIjo2MDAwMDAwMDAwMDAsImRlbGV0ZSI6NjAwMDAwMDAwMDAwLCJ1cGRhdGUiOjYwMDAwMDAwMDAwMH19",
          "dependencies": [
            "module.network.google_compute_global_address.private_ip_range",
            "module.network.google_compute_network.vpc"
          ]
        }
      ]
    },
    {
      "module": "module.network",
      "mode": "managed",
      "type": "google_vpc_access_connector",
      "name": "connector",
      "provider": "provider[\"registry.terraform.io/hashicorp/google\"]",
      "instances": [
        {
          "schema_version": 0,
          "attributes": {
            "connected_projects": [
              "devops-assessment-nodejs"
            ],
            "id": "projects/devops-assessment-nodejs/locations/asia-south1/connectors/nodejs-vpc-conn",
            "ip_cidr_range": "10.8.0.0/28",
            "machine_type": "e2-micro",
            "max_instances": 3,
            "max_throughput": 300,
            "min_instances": 2,
            "min_throughput": 200,
            "name": "nodejs-vpc-conn",
            "network": "nodejs-devsecops-vpc",
            "project": "devops-assessment-nodejs",
            "region": "asia-south1",
            "self_link": "projects/devops-assessment-nodejs/locations/asia-south1/connectors/nodejs-vpc-conn",
            "state": "READY",
            "subnet": [],
            "timeouts": null
          },
          "sensitive_attributes": [],
          "identity_schema_version": 0,
          "private": "eyJlMmJmYjczMC1lY2FhLTExZTYtOGY4OC0zNDM2M2JjN2M0YzAiOnsiY3JlYXRlIjoxMjAwMDAwMDAwMDAwLCJkZWxldGUiOjEyMDAwMDAwMDAwMDB9fQ==",
          "dependencies": [
            "module.network.google_compute_network.vpc"
          ]
        }
      ]
    },
    {
      "module": "module.secrets",
      "mode": "managed",
      "type": "google_secret_manager_secret",
      "name": "secret",
      "provider": "provider[\"registry.terraform.io/hashicorp/google\"]",
      "instances": [
        {
          "index_key": "db-host",
          "schema_version": 0,
          "attributes": {
            "annotations": {},
            "create_time": "2026-08-21T03:54:22.017734Z",
            "effective_annotations": {},
            "effective_labels": {},
            "expire_time": "",
            "id": "projects/devops-assessment-nodejs/secrets/nodejs-devsecops-db-host",
            "labels": {},
            "name": "projects/728348789287/secrets/nodejs-devsecops-db-host",
            "project": "devops-assessment-nodejs",
            "replication": [
              {
                "auto": [
                  {
                    "customer_managed_encryption": []
                  }
                ],
                "user_managed": []
              }
            ],
            "rotation": [],
            "secret_id": "nodejs-devsecops-db-host",
            "terraform_labels": {},
            "timeouts": null,
            "topics": [],
            "ttl": null,
            "version_aliases": {},
            "version_destroy_ttl": ""
          },
          "sensitive_attributes": [],
          "identity_schema_version": 0,
          "private": "eyJlMmJmYjczMC1lY2FhLTExZTYtOGY4OC0zNDM2M2JjN2M0YzAiOnsiY3JlYXRlIjoxMjAwMDAwMDAwMDAwLCJkZWxldGUiOjEyMDAwMDAwMDAwMDAsInVwZGF0ZSI6MTIwMDAwMDAwMDAwMH19",
          "dependencies": [
            "module.cloud_sql.google_sql_database.app_database",
            "module.cloud_sql.google_sql_database_instance.postgres",
            "module.cloud_sql.google_sql_user.app_user",
            "module.cloud_sql.random_password.db_password",
            "module.network.google_compute_global_address.private_ip_range",
            "module.network.google_compute_network.vpc",
            "module.network.google_service_networking_connection.private_vpc_connection"
          ]
        },
        {
          "index_key": "db-name",
          "schema_version": 0,
          "attributes": {
            "annotations": {},
            "create_time": "2026-08-21T03:54:22.023328Z",
            "effective_annotations": {},
            "effective_labels": {},
            "expire_time": "",
            "id": "projects/devops-assessment-nodejs/secrets/nodejs-devsecops-db-name",
            "labels": {},
            "name": "projects/728348789287/secrets/nodejs-devsecops-db-name",
            "project": "devops-assessment-nodejs",
            "replication": [
              {
                "auto": [
                  {
                    "customer_managed_encryption": []
                  }
                ],
                "user_managed": []
              }
            ],
            "rotation": [],
            "secret_id": "nodejs-devsecops-db-name",
            "terraform_labels": {},
            "timeouts": null,
            "topics": [],
            "ttl": null,
            "version_aliases": {},
            "version_destroy_ttl": ""
          },
          "sensitive_attributes": [],
          "identity_schema_version": 0,
          "private": "eyJlMmJmYjczMC1lY2FhLTExZTYtOGY4OC0zNDM2M2JjN2M0YzAiOnsiY3JlYXRlIjoxMjAwMDAwMDAwMDAwLCJkZWxldGUiOjEyMDAwMDAwMDAwMDAsInVwZGF0ZSI6MTIwMDAwMDAwMDAwMH19",
          "dependencies": [
            "module.cloud_sql.google_sql_database.app_database",
            "module.cloud_sql.google_sql_database_instance.postgres",
            "module.cloud_sql.google_sql_user.app_user",
            "module.cloud_sql.random_password.db_password",
            "module.network.google_compute_global_address.private_ip_range",
            "module.network.google_compute_network.vpc",
            "module.network.google_service_networking_connection.private_vpc_connection"
          ]
        },
        {
          "index_key": "db-password",
          "schema_version": 0,
          "attributes": {
            "annotations": {},
            "create_time": "2026-08-21T03:54:22.023553Z",
            "effective_annotations": {},
            "effective_labels": {},
            "expire_time": "",
            "id": "projects/devops-assessment-nodejs/secrets/nodejs-devsecops-db-password",
            "labels": {},
            "name": "projects/728348789287/secrets/nodejs-devsecops-db-password",
            "project": "devops-assessment-nodejs",
            "replication": [
              {
                "auto": [
                  {
                    "customer_managed_encryption": []
                  }
                ],
                "user_managed": []
              }
            ],
            "rotation": [],
            "secret_id": "nodejs-devsecops-db-password",
            "terraform_labels": {},
            "timeouts": null,
            "topics": [],
            "ttl": null,
            "version_aliases": {},
            "version_destroy_ttl": ""
          },
          "sensitive_attributes": [],
          "identity_schema_version": 0,
          "private": "eyJlMmJmYjczMC1lY2FhLTExZTYtOGY4OC0zNDM2M2JjN2M0YzAiOnsiY3JlYXRlIjoxMjAwMDAwMDAwMDAwLCJkZWxldGUiOjEyMDAwMDAwMDAwMDAsInVwZGF0ZSI6MTIwMDAwMDAwMDAwMH19",
          "dependencies": [
            "module.cloud_sql.google_sql_database.app_database",
            "module.cloud_sql.google_sql_database_instance.postgres",
            "module.cloud_sql.google_sql_user.app_user",
            "module.cloud_sql.random_password.db_password",
            "module.network.google_compute_global_address.private_ip_range",
            "module.network.google_compute_network.vpc",
            "module.network.google_service_networking_connection.private_vpc_connection"
          ]
        },
        {
          "index_key": "db-user",
          "schema_version": 0,
          "attributes": {
            "annotations": {},
            "create_time": "2026-08-21T03:54:22.026840Z",
            "effective_annotations": {},
            "effective_labels": {},
            "expire_time": "",
            "id": "projects/devops-assessment-nodejs/secrets/nodejs-devsecops-db-user",
            "labels": {},
            "name": "projects/728348789287/secrets/nodejs-devsecops-db-user",
            "project": "devops-assessment-nodejs",
            "replication": [
              {
                "auto": [
                  {
                    "customer_managed_encryption": []
                  }
                ],
                "user_managed": []
              }
            ],
            "rotation": [],
            "secret_id": "nodejs-devsecops-db-user",
            "terraform_labels": {},
            "timeouts": null,
            "topics": [],
            "ttl": null,
            "version_aliases": {},
            "version_destroy_ttl": ""
          },
          "sensitive_attributes": [],
          "identity_schema_version": 0,
          "private": "eyJlMmJmYjczMC1lY2FhLTExZTYtOGY4OC0zNDM2M2JjN2M0YzAiOnsiY3JlYXRlIjoxMjAwMDAwMDAwMDAwLCJkZWxldGUiOjEyMDAwMDAwMDAwMDAsInVwZGF0ZSI6MTIwMDAwMDAwMDAwMH19",
          "dependencies": [
            "module.cloud_sql.google_sql_database.app_database",
            "module.cloud_sql.google_sql_database_instance.postgres",
            "module.cloud_sql.google_sql_user.app_user",
            "module.cloud_sql.random_password.db_password",
            "module.network.google_compute_global_address.private_ip_range",
            "module.network.google_compute_network.vpc",
            "module.network.google_service_networking_connection.private_vpc_connection"
          ]
        }
      ]
    },
    {
      "module": "module.secrets",
      "mode": "managed",
      "type": "google_secret_manager_secret_version",
      "name": "secret_version",
      "provider": "provider[\"registry.terraform.io/hashicorp/google\"]",
      "instances": [
        {
          "index_key": "db-host",
          "schema_version": 0,
          "attributes": {
            "create_time": "2026-08-21T03:54:27.020683Z",
            "deletion_policy": "DELETE",
            "destroy_time": "",
            "enabled": true,
            "id": "projects/728348789287/secrets/nodejs-devsecops-db-host/versions/1",
            "is_secret_data_base64": false,
            "name": "projects/728348789287/secrets/nodejs-devsecops-db-host/versions/1",
            "secret": "projects/devops-assessment-nodejs/secrets/nodejs-devsecops-db-host",
            "secret_data": "10.119.0.5",
            "timeouts": null,
            "version": "1"
          },
          "sensitive_attributes": [
            [
              {
                "type": "get_attr",
                "value": "secret_data"
              }
            ]
          ],
          "identity_schema_version": 0,
          "private": "eyJlMmJmYjczMC1lY2FhLTExZTYtOGY4OC0zNDM2M2JjN2M0YzAiOnsiY3JlYXRlIjoxMjAwMDAwMDAwMDAwLCJkZWxldGUiOjEyMDAwMDAwMDAwMDAsInVwZGF0ZSI6MTIwMDAwMDAwMDAwMH19",
          "dependencies": [
            "module.cloud_sql.google_sql_database.app_database",
            "module.cloud_sql.google_sql_database_instance.postgres",
            "module.cloud_sql.google_sql_user.app_user",
            "module.cloud_sql.random_password.db_password",
            "module.network.google_compute_global_address.private_ip_range",
            "module.network.google_compute_network.vpc",
            "module.network.google_service_networking_connection.private_vpc_connection",
            "module.secrets.google_secret_manager_secret.secret"
          ]
        },
        {
          "index_key": "db-name",
          "schema_version": 0,
          "attributes": {
            "create_time": "2026-08-21T03:54:26.530338Z",
            "deletion_policy": "DELETE",
            "destroy_time": "",
            "enabled": true,
            "id": "projects/728348789287/secrets/nodejs-devsecops-db-name/versions/1",
            "is_secret_data_base64": false,
            "name": "projects/728348789287/secrets/nodejs-devsecops-db-name/versions/1",
            "secret": "projects/devops-assessment-nodejs/secrets/nodejs-devsecops-db-name",
            "secret_data": "appdb",
            "timeouts": null,
            "version": "1"
          },
          "sensitive_attributes": [
            [
              {
                "type": "get_attr",
                "value": "secret_data"
              }
            ]
          ],
          "identity_schema_version": 0,
          "private": "eyJlMmJmYjczMC1lY2FhLTExZTYtOGY4OC0zNDM2M2JjN2M0YzAiOnsiY3JlYXRlIjoxMjAwMDAwMDAwMDAwLCJkZWxldGUiOjEyMDAwMDAwMDAwMDAsInVwZGF0ZSI6MTIwMDAwMDAwMDAwMH19",
          "dependencies": [
            "module.cloud_sql.google_sql_database.app_database",
            "module.cloud_sql.google_sql_database_instance.postgres",
            "module.cloud_sql.google_sql_user.app_user",
            "module.cloud_sql.random_password.db_password",
            "module.network.google_compute_global_address.private_ip_range",
            "module.network.google_compute_network.vpc",
            "module.network.google_service_networking_connection.private_vpc_connection",
            "module.secrets.google_secret_manager_secret.secret"
          ]
        },
        {
          "index_key": "db-password",
          "schema_version": 0,
          "attributes": {
            "create_time": "2026-08-21T03:54:26.493973Z",
            "deletion_policy": "DELETE",
            "destroy_time": "",
            "enabled": true,
            "id": "projects/728348789287/secrets/nodejs-devsecops-db-password/versions/1",
            "is_secret_data_base64": false,
            "name": "projects/728348789287/secrets/nodejs-devsecops-db-password/versions/1",
            "secret": "projects/devops-assessment-nodejs/secrets/nodejs-devsecops-db-password",
            "secret_data": "Of64SIHmQw\u003eomrCWzo$l",
            "timeouts": null,
            "version": "1"
          },
          "sensitive_attributes": [
            [
              {
                "type": "get_attr",
                "value": "secret_data"
              }
            ]
          ],
          "identity_schema_version": 0,
          "private": "eyJlMmJmYjczMC1lY2FhLTExZTYtOGY4OC0zNDM2M2JjN2M0YzAiOnsiY3JlYXRlIjoxMjAwMDAwMDAwMDAwLCJkZWxldGUiOjEyMDAwMDAwMDAwMDAsInVwZGF0ZSI6MTIwMDAwMDAwMDAwMH19",
          "dependencies": [
            "module.cloud_sql.google_sql_database.app_database",
            "module.cloud_sql.google_sql_database_instance.postgres",
            "module.cloud_sql.google_sql_user.app_user",
            "module.cloud_sql.random_password.db_password",
            "module.network.google_compute_global_address.private_ip_range",
            "module.network.google_compute_network.vpc",
            "module.network.google_service_networking_connection.private_vpc_connection",
            "module.secrets.google_secret_manager_secret.secret"
          ]
        },
        {
          "index_key": "db-user",
          "schema_version": 0,
          "attributes": {
            "create_time": "2026-08-21T03:54:25.831095Z",
            "deletion_policy": "DELETE",
            "destroy_time": "",
            "enabled": true,
            "id": "projects/728348789287/secrets/nodejs-devsecops-db-user/versions/1",
            "is_secret_data_base64": false,
            "name": "projects/728348789287/secrets/nodejs-devsecops-db-user/versions/1",
            "secret": "projects/devops-assessment-nodejs/secrets/nodejs-devsecops-db-user",
            "secret_data": "appuser",
            "timeouts": null,
            "version": "1"
          },
          "sensitive_attributes": [
            [
              {
                "type": "get_attr",
                "value": "secret_data"
              }
            ]
          ],
          "identity_schema_version": 0,
          "private": "eyJlMmJmYjczMC1lY2FhLTExZTYtOGY4OC0zNDM2M2JjN2M0YzAiOnsiY3JlYXRlIjoxMjAwMDAwMDAwMDAwLCJkZWxldGUiOjEyMDAwMDAwMDAwMDAsInVwZGF0ZSI6MTIwMDAwMDAwMDAwMH19",
          "dependencies": [
            "module.cloud_sql.google_sql_database.app_database",
            "module.cloud_sql.google_sql_database_instance.postgres",
            "module.cloud_sql.google_sql_user.app_user",
            "module.cloud_sql.random_password.db_password",
            "module.network.google_compute_global_address.private_ip_range",
            "module.network.google_compute_network.vpc",
            "module.network.google_service_networking_connection.private_vpc_connection",
            "module.secrets.google_secret_manager_secret.secret"
          ]
        }
      ]
    },
    {
      "module": "module.wif",
      "mode": "managed",
      "type": "google_iam_workload_identity_pool",
      "name": "github_pool",
      "provider": "provider[\"registry.terraform.io/hashicorp/google\"]",
      "instances": [
        {
          "schema_version": 0,
          "attributes": {
            "description": "",
            "disabled": false,
            "display_name": "GitHub Actions Pool",
            "id": "projects/devops-assessment-nodejs/locations/global/workloadIdentityPools/github-actions-pool",
            "name": "projects/728348789287/locations/global/workloadIdentityPools/github-actions-pool",
            "project": "devops-assessment-nodejs",
            "state": "ACTIVE",
            "timeouts": null,
            "workload_identity_pool_id": "github-actions-pool"
          },
          "sensitive_attributes": [],
          "identity_schema_version": 0,
          "private": "eyJlMmJmYjczMC1lY2FhLTExZTYtOGY4OC0zNDM2M2JjN2M0YzAiOnsiY3JlYXRlIjoxMjAwMDAwMDAwMDAwLCJkZWxldGUiOjEyMDAwMDAwMDAwMDAsInVwZGF0ZSI6MTIwMDAwMDAwMDAwMH19"
        }
      ]
    },
    {
      "module": "module.wif",
      "mode": "managed",
      "type": "google_iam_workload_identity_pool_provider",
      "name": "github_provider",
      "provider": "provider[\"registry.terraform.io/hashicorp/google\"]",
      "instances": [
        {
          "schema_version": 0,
          "attributes": {
            "attribute_condition": "assertion.repository == \"Sasidharan93/nodejsassessment\"",
            "attribute_mapping": {
              "attribute.repository": "assertion.repository",
              "google.subject": "assertion.sub"
            },
            "aws": [],
            "description": "",
            "disabled": false,
            "display_name": "GitHub Provider",
            "id": "projects/devops-assessment-nodejs/locations/global/workloadIdentityPools/github-actions-pool/providers/github-provider",
            "name": "projects/728348789287/locations/global/workloadIdentityPools/github-actions-pool/providers/github-provider",
            "oidc": [
              {
                "allowed_audiences": null,
                "issuer_uri": "https://token.actions.githubusercontent.com",
                "jwks_json": ""
              }
            ],
            "project": "devops-assessment-nodejs",
            "saml": [],
            "state": "ACTIVE",
            "timeouts": null,
            "workload_identity_pool_id": "github-actions-pool",
            "workload_identity_pool_provider_id": "github-provider"
          },
          "sensitive_attributes": [],
          "identity_schema_version": 0,
          "private": "eyJlMmJmYjczMC1lY2FhLTExZTYtOGY4OC0zNDM2M2JjN2M0YzAiOnsiY3JlYXRlIjoxMjAwMDAwMDAwMDAwLCJkZWxldGUiOjEyMDAwMDAwMDAwMDAsInVwZGF0ZSI6MTIwMDAwMDAwMDAwMH19",
          "dependencies": [
            "module.wif.google_iam_workload_identity_pool.github_pool"
          ]
        }
      ]
    },
    {
      "module": "module.wif",
      "mode": "managed",
      "type": "google_service_account_iam_member",
      "name": "wif_binding",
      "provider": "provider[\"registry.terraform.io/hashicorp/google\"]",
      "instances": [
        {
          "schema_version": 0,
          "attributes": {
            "condition": [],
            "etag": "BwZZiFMvM8g=",
            "id": "projects/devops-assessment-nodejs/serviceAccounts/nodejs-devsecops-deployer@devops-assessment-nodejs.iam.gserviceaccount.com/roles/iam.workloadIdentityUser/principalSet://iam.googleapis.com/projects/728348789287/locations/global/workloadIdentityPools/github-actions-pool/attribute.repository/Sasidharan93/nodejsassessment",
            "member": "principalSet://iam.googleapis.com/projects/728348789287/locations/global/workloadIdentityPools/github-actions-pool/attribute.repository/Sasidharan93/nodejsassessment",
            "role": "roles/iam.workloadIdentityUser",
            "service_account_id": "projects/devops-assessment-nodejs/serviceAccounts/nodejs-devsecops-deployer@devops-assessment-nodejs.iam.gserviceaccount.com"
          },
          "sensitive_attributes": [],
          "identity_schema_version": 0,
          "private": "bnVsbA==",
          "dependencies": [
            "module.iam.google_service_account.deployer_sa",
            "module.wif.google_iam_workload_identity_pool.github_pool"
          ]
        }
      ]
    }
  ],
  "check_results": null
}
