{
  "version": 4,
  "terraform_version": "1.15.9",
  "serial": 113,
  "lineage": "03b930cf-4c62-c2d6-a302-4a6adf80d5c7",
  "outputs": {
    "artifact_registry_url": {
      "value": "asia-south1-docker.pkg.dev/devops-assessment-nodejs/nodejs-devsecops-repo",
      "type": "string"
    },
    "cloud_run_sa_email": {
      "value": "nodejs-devsecops-run-sa@devops-assessment-nodejs.iam.gserviceaccount.com",
      "type": "string"
    },
    "cloud_sql_connection_name": {
      "value": "devops-assessment-nodejs:asia-south1:nodejs-devsecops-pg",
      "type": "string"
    },
    "cloud_sql_private_ip": {
      "value": "10.119.0.5",
      "type": "string"
    },
    "deployer_sa_email": {
      "value": "nodejs-devsecops-deployer@devops-assessment-nodejs.iam.gserviceaccount.com",
      "type": "string"
    }
  },
  "resources": [
    {
      "module": "module.cloud_run",
      "mode": "managed",
      "type": "google_artifact_registry_repository",
      "name": "repo",
      "provider": "provider[\"registry.terraform.io/hashicorp/google\"]",
      "instances": [
        {
          "schema_version": 0,
          "attributes": {
            "cleanup_policies": [],
            "cleanup_policy_dry_run": false,
            "create_time": "2026-08-21T03:46:22.205660Z",
            "description": "Docker images for nodejs-devsecops",
            "docker_config": [],
            "effective_labels": {},
            "format": "DOCKER",
            "id": "projects/devops-assessment-nodejs/locations/asia-south1/repositories/nodejs-devsecops-repo",
            "kms_key_name": "",
            "labels": null,
            "location": "asia-south1",
            "maven_config": [],
            "mode": "STANDARD_REPOSITORY",
            "name": "nodejs-devsecops-repo",
            "project": "devops-assessment-nodejs",
            "remote_repository_config": [],
            "repository_id": "nodejs-devsecops-repo",
            "terraform_labels": {},
            "timeouts": null,
            "update_time": "2026-08-21T03:46:22.205660Z",
            "virtual_repository_config": []
          },
          "sensitive_attributes": [],
          "identity_schema_version": 0,
          "private": "eyJlMmJmYjczMC1lY2FhLTExZTYtOGY4OC0zNDM2M2JjN2M0YzAiOnsiY3JlYXRlIjoxMjAwMDAwMDAwMDAwLCJkZWxldGUiOjEyMDAwMDAwMDAwMDAsInVwZGF0ZSI6MTIwMDAwMDAwMDAwMH19"
        }
      ]
    },
    {
      "module": "module.cloud_sql",
      "mode": "managed",
      "type": "google_sql_database",
      "name": "app_database",
      "provider": "provider[\"registry.terraform.io/hashicorp/google\"]",
      "instances": [
        {
          "schema_version": 0,
          "attributes": {
            "charset": "UTF8",
            "collation": "en_US.UTF8",
            "deletion_policy": "DELETE",
            "id": "projects/devops-assessment-nodejs/instances/nodejs-devsecops-pg/databases/appdb",
            "instance": "nodejs-devsecops-pg",
            "name": "appdb",
            "project": "devops-assessment-nodejs",
            "self_link": "https://sqladmin.googleapis.com/sql/v1beta4/projects/devops-assessment-nodejs/instances/nodejs-devsecops-pg/databases/appdb",
            "timeouts": null
          },
          "sensitive_attributes": [],
          "identity_schema_version": 0,
          "private": "eyJlMmJmYjczMC1lY2FhLTExZTYtOGY4OC0zNDM2M2JjN2M0YzAiOnsiY3JlYXRlIjoxMjAwMDAwMDAwMDAwLCJkZWxldGUiOjEyMDAwMDAwMDAwMDAsInVwZGF0ZSI6MTIwMDAwMDAwMDAwMH19",
          "dependencies": [
            "module.cloud_sql.google_sql_database_instance.postgres",
            "module.network.google_compute_global_address.private_ip_range",
            "module.network.google_compute_network.vpc",
            "module.network.google_service_networking_connection.private_vpc_connection"
          ]
        }
      ]
    },
    {
      "module": "module.cloud_sql",
      "mode": "managed",
      "type": "google_sql_database_instance",
      "name": "postgres",
      "provider": "provider[\"registry.terraform.io/hashicorp/google\"]",
      "instances": [
        {
          "schema_version": 0,
          "attributes": {
            "available_maintenance_versions": [],
            "clone": [],
            "connection_name": "devops-assessment-nodejs:asia-south1:nodejs-devsecops-pg",
            "database_version": "POSTGRES_15",
            "deletion_protection": false,
            "dns_name": "",
            "encryption_key_name": null,
            "first_ip_address": "10.119.0.5",
            "id": "nodejs-devsecops-pg",
            "instance_type": "CLOUD_SQL_INSTANCE",
            "ip_address": [
              {
                "ip_address": "10.119.0.5",
                "time_to_retire": "",
                "type": "PRIVATE"
              }
            ],
            "maintenance_version": "POSTGRES_15_18.R20260712.01_06",
            "master_instance_name": "",
            "name": "nodejs-devsecops-pg",
            "private_ip_address": "10.119.0.5",
            "project": "devops-assessment-nodejs",
            "psc_service_attachment_link": "",
            "public_ip_address": "",
            "region": "asia-south1",
            "replica_configuration": [],
            "restore_backup_context": [],
            "root_password": null,
            "self_link": "https://sqladmin.googleapis.com/sql/v1beta4/projects/devops-assessment-nodejs/instances/nodejs-devsecops-pg",
            "server_ca_cert": [
              {
                "cert": "-----BEGIN CERTIFICATE-----\nMIIDcTCCAlmgAwIBAgIBADANBgkqhkiG9w0BAQsFADBwMS0wKwYDVQQuEyQyYTQ1\nZjZhMy1jNjE5LTQ2YzctODRiYS0zMzExMTg1NjJmZjIxHDAaBgNVBAMTE0Nsb3Vk\nIFNRTCBTZXJ2ZXIgQ0ExFDASBgNVBAoTC0dvb2dsZSwgSW5jMQswCQYDVQQGEwJV\nUzAeFw0yNjA4MjEwMzQ3NTBaFw0zNjA4MTgwMzQ4NTBaMHAxLTArBgNVBC4TJDJh\nNDVmNmEzLWM2MTktNDZjNy04NGJhLTMzMTExODU2MmZmMjEcMBoGA1UEAxMTQ2xv\ndWQgU1FMIFNlcnZlciBDQTEUMBIGA1UEChMLR29vZ2xlLCBJbmMxCzAJBgNVBAYT\nAlVTMIIBIjANBgkqhkiG9w0BAQEFAAOCAQ8AMIIBCgKCAQEAuf7p+oohm52soFe5\nzG1Bg0YOVDBmZtAl5q2I9RNZ445OqoVi+VU7fzEH2A2WgzjC5VCw7F/ly1VeBMu1\nMt6RFbsac5XYzcqgxtsj2P1IKMKcomvBeYqZNayMVIl+pnfOq14jdGtJ8lcX32ER\n+2YYJczWR1DbvTcKnGIRqTE3udZg7Q0+E2bdRfcAd6z4qIbUsPeRj6pNwxED9n7n\n1BoP8gnlP/NPpd+3rY/JP7eJFFg9pXp4fY2OVwAVoESVzyg5JrC/z7+h7//OZ3s/\nJ3rlnywRtU/KVLPsjNuGc2K6kZrymA91GE3J6l4kI9gb3TvSkJIRHjdtgxDdyZrg\nqilyFwIDAQABoxYwFDASBgNVHRMBAf8ECDAGAQH/AgEAMA0GCSqGSIb3DQEBCwUA\nA4IBAQAA7Ll5DH/n7jQdZwMn6qkzxxgcEbOrsPgs45X/q8Qdh6bHACoyNjeb9E5T\nmsoSBUvTa4egviel+MHnoe0Td1mDl7yvLkJwSZ5IwCPIbK7HhXyD6MsPhyypHKkN\nDv7MiwcNcsqlLqXu+l9WaNczwGEoLxrXgPlR/fKuRW9xa0rTg39ouDVTB0WMl9xp\n5IqxZ6Cav3wsYQL+rLVuSxFMMcfb37NBEV/QsNFqk54ljAkQCNrxeaaV8fjEmN4x\nHrhqeOxQY0RA2T67RusASAL1Haofh5aDKo4XB6muqSK+GxmlrQme8vAZGakvIq33\nRKlJVo37lvV0oOQ6WC/Gi1xWJewn\n-----END CERTIFICATE-----",
                "common_name": "C=US,O=Google\\, Inc,CN=Cloud SQL Server CA,dnQualifier=2a45f6a3-c619-46c7-84ba-331118562ff2",
                "create_time": "2026-08-21T03:47:50.614Z",
                "expiration_time": "2036-08-18T03:48:50.614Z",
                "sha1_fingerprint": "5a1136adfeb58021bc360fc68e48568347e6c822"
              }
            ],
            "service_account_email_address": "p728348789287-ftzj5n@gcp-sa-cloud-sql.iam.gserviceaccount.com",
            "settings": [
              {
                "activation_policy": "ALWAYS",
                "active_directory_config": [],
                "advanced_machine_features": [],
                "availability_type": "ZONAL",
                "backup_configuration": [
                  {
                    "backup_retention_settings": [
                      {
                        "retained_backups": 7,
                        "retention_unit": "COUNT"
                      }
                    ],
                    "binary_log_enabled": false,
                    "enabled": true,
                    "location": "",
                    "point_in_time_recovery_enabled": false,
                    "start_time": "02:00",
                    "transaction_log_retention_days": 7
                  }
                ],
                "collation": "",
                "connector_enforcement": "NOT_REQUIRED",
                "data_cache_config": [],
                "database_flags": [],
                "deletion_protection_enabled": false,
                "deny_maintenance_period": [],
                "disk_autoresize": true,
                "disk_autoresize_limit": 0,
                "disk_size": 10,
                "disk_type": "PD_SSD",
                "edition": "ENTERPRISE",
                "enable_dataplex_integration": false,
                "enable_google_ml_integration": false,
                "insights_config": [],
                "ip_configuration": [
                  {
                    "allocated_ip_range": "",
                    "authorized_networks": [],
                    "enable_private_path_for_google_cloud_services": true,
                    "ipv4_enabled": false,
                    "private_network": "projects/devops-assessment-nodejs/global/networks/nodejs-devsecops-vpc",
                    "psc_config": [],
                    "require_ssl": false,
                    "server_ca_mode": "GOOGLE_MANAGED_INTERNAL_CA",
                    "ssl_mode": ""
                  }
                ],
                "location_preference": [
                  {
                    "follow_gae_application": "",
                    "secondary_zone": "",
                    "zone": "asia-south1-c"
                  }
                ],
                "maintenance_window": [],
                "password_validation_policy": [],
                "pricing_plan": "PER_USE",
                "sql_server_audit_config": [],
                "tier": "db-f1-micro",
                "time_zone": "",
                "user_labels": {},
                "version": 1
              }
            ],
            "timeouts": null
          },
          "sensitive_attributes": [
            [
              {
                "type": "get_attr",
                "value": "root_password"
              }
            ],
            [
              {
                "type": "get_attr",
                "value": "server_ca_cert"
              }
            ]
          ],
          "identity_schema_version": 0,
          "private": "eyJlMmJmYjczMC1lY2FhLTExZTYtOGY4OC0zNDM2M2JjN2M0YzAiOnsiY3JlYXRlIjo1NDAwMDAwMDAwMDAwLCJkZWxldGUiOjU0MDAwMDAwMDAwMDAsInVwZGF0ZSI6NTQwMDAwMDAwMDAwMH19",
          "dependencies": [
            "module.network.google_compute_global_address.private_ip_range",
            "module.network.google_compute_network.vpc",
            "module.network.google_service_networking_connection.private_vpc_connection"
          ]
        }
      ]
    },
    {
      "module": "module.cloud_sql",
      "mode": "managed",
      "type": "google_sql_user",
      "name": "app_user",
      "provider": "provider[\"registry.terraform.io/hashicorp/google\"]",
      "instances": [
        {
          "schema_version": 1,
          "attributes": {
            "deletion_policy": null,
            "host": "",
            "id": "appuser//nodejs-devsecops-pg",
            "instance": "nodejs-devsecops-pg",
            "name": "appuser",
            "password": "Of64SIHmQw\u003eomrCWzo$l",
            "password_policy": [],
            "project": "devops-assessment-nodejs",
            "sql_server_user_details": [],
            "timeouts": null,
            "type": ""
          },
          "sensitive_attributes": [
            [
              {
                "type": "get_attr",
                "value": "password"
              }
            ]
          ],
          "identity_schema_version": 0,
          "private": "eyJlMmJmYjczMC1lY2FhLTExZTYtOGY4OC0zNDM2M2JjN2M0YzAiOnsiY3JlYXRlIjo2MDAwMDAwMDAwMDAsImRlbGV0ZSI6NjAwMDAwMDAwMDAwLCJ1cGRhdGUiOjYwMDAwMDAwMDAwMH0sInNjaGVtYV92ZXJzaW9uIjoiMSJ9",
          "dependencies": [
            "module.cloud_sql.google_sql_database_instance.postgres",
            "module.cloud_sql.random_password.db_password",
            "module.network.google_compute_global_address.private_ip_range",
            "module.network.google_compute_network.vpc",
            "module.network.google_service_networking_connection.private_vpc_connection"
          ]
        }
      ]
    },
    {
      "module": "module.cloud_sql",
      "mode": "managed",
      "type": "random_password",
      "name": "db_password",
      "provider": "provider[\"registry.terraform.io/hashicorp/random\"]",
      "instances": [
        {
          "schema_version": 3,
          "attributes": {
            "bcrypt_hash": "$2a$10$XgVeIwE0xmxadLG54S/uteUsY13AbJJBy4OD/xiVTEufsvtb979AW",
            "id": "none",
            "keepers": null,
            "length": 20,
            "lower": true,
            "min_lower": 0,
            "min_numeric": 0,
            "min_special": 0,
            "min_upper": 0,
            "number": true,
            "numeric": true,
            "override_special": "!#$%\u0026*()-_=+[]{}\u003c\u003e:?",
            "result": "Of64SIHmQw\u003eomrCWzo$l",
            "special": true,
            "upper": true
          },
          "sensitive_attributes": [
            [
              {
                "type": "get_attr",
                "value": "bcrypt_hash"
              }
            ],
            [
              {
                "type": "get_attr",
                "value": "result"
              }
            ]
          ],
          "identity_schema_version": 0
        }
      ]
    },
    {
      "module": "module.iam",
      "mode": "managed",
      "type": "google_project_iam_member",
      "name": "artifact_registry_reader",
      "provider": "provider[\"registry.terraform.io/hashicorp/google\"]",
      "instances": [
        {
          "schema_version": 0,
          "attributes": {
            "condition": [],
            "etag": "BwZZhnvPzUQ=",
            "id": "devops-assessment-nodejs/roles/artifactregistry.reader/serviceAccount:nodejs-devsecops-run-sa@devops-assessment-nodejs.iam.gserviceaccount.com",
            "member": "serviceAccount:nodejs-devsecops-run-sa@devops-assessment-nodejs.iam.gserviceaccount.com",
            "project": "devops-assessment-nodejs",
            "role": "roles/artifactregistry.reader"
          },
          "sensitive_attributes": [],
          "identity_schema_version": 0,
          "private": "bnVsbA==",
          "dependencies": [
            "module.iam.google_service_account.cloud_run_sa"
          ]
        }
      ]
    },
    {
      "module": "module.iam",
      "mode": "managed",
      "type": "google_project_iam_member",
      "name": "cloud_sql_client",
      "provider": "provider[\"registry.terraform.io/hashicorp/google\"]",
      "instances": [
        {
          "schema_version": 0,
          "attributes": {
            "condition": [],
            "etag": "BwZZhnvPzUQ=",
            "id": "devops-assessment-nodejs/roles/cloudsql.client/serviceAccount:nodejs-devsecops-run-sa@devops-assessment-nodejs.iam.gserviceaccount.com",
            "member": "serviceAccount:nodejs-devsecops-run-sa@devops-assessment-nodejs.iam.gserviceaccount.com",
            "project": "devops-assessment-nodejs",
            "role": "roles/cloudsql.client"
          },
          "sensitive_attributes": [],
          "identity_schema_version": 0,
          "private": "bnVsbA==",
          "dependencies": [
            "module.iam.google_service_account.cloud_run_sa"
          ]
        }
      ]
    },
    {
      "module": "module.iam",
      "mode": "managed",
      "type": "google_project_iam_member",
      "name": "deployer_artifact_writer",
      "provider": "provider[\"registry.terraform.io/hashicorp/google\"]",
      "instances": [
        {
          "schema_version": 0,
          "attributes": {
            "condition": [],
            "etag": "BwZZhnxNSNw=",
            "id": "devops-assessment-nodejs/roles/artifactregistry.writer/serviceAccount:nodejs-devsecops-deployer@devops-assessment-nodejs.iam.gserviceaccount.com",
            "member": "serviceAccount:nodejs-devsecops-deployer@devops-assessment-nodejs.iam.gserviceaccount.com",
            "project": "devops-assessment-nodejs",
            "role": "roles/artifactregistry.writer"
          },
          "sensitive_attributes": [],
          "identity_schema_version": 0,
          "private": "bnVsbA==",
          "dependencies": [
            "module.iam.google_service_account.deployer_sa"
          ]
        }
      ]
    },
    {
      "module": "module.iam",
      "mode": "managed",
      "type": "google_project_iam_member",
      "name": "deployer_run_admin",
      "provider": "provider[\"registry.terraform.io/hashicorp/google\"]",
      "instances": [
        {
          "schema_version": 0,
          "attributes": {
            "condition": [],
            "etag": "BwZZhnvPzUQ=",
            "id": "devops-assessment-nodejs/roles/run.admin/serviceAccount:nodejs-devsecops-deployer@devops-assessment-nodejs.iam.gserviceaccount.com",
            "member": "serviceAccount:nodejs-devsecops-deployer@devops-assessment-nodejs.iam.gserviceaccount.com",
            "project": "devops-assessment-nodejs",
            "role": "roles/run.admin"
          },
          "sensitive_attributes": [],
          "identity_schema_version": 0,
          "private": "bnVsbA==",
          "dependencies": [
            "module.iam.google_service_account.deployer_sa"
          ]
        }
      ]
    },
    {
      "module": "module.iam",
      "mode": "managed",
      "type": "google_project_iam_member",
      "name": "log_writer",
      "provider": "provider[\"registry.terraform.io/hashicorp/google\"]",
      "instances": [
        {
          "schema_version": 0,
          "attributes": {
            "condition": [],
            "etag": "BwZZhnvPzUQ=",
            "id": "devops-assessment-nodejs/roles/logging.logWriter/serviceAccount:nodejs-devsecops-run-sa@devops-assessment-nodejs.iam.gserviceaccount.com",
            "member": "serviceAccount:nodejs-devsecops-run-sa@devops-assessment-nodejs.iam.gserviceaccount.com",
            "project": "devops-assessment-nodejs",
            "role": "roles/logging.logWriter"
          },
          "sensitive_attributes": [],
          "identity_schema_version": 0,
          "private": "bnVsbA==",
          "dependencies": [
            "module.iam.google_service_account.cloud_run_sa"
          ]
        }
      ]
    },
    {
      "module": "module.iam",
      "mode": "managed",
      "type": "google_project_iam_member",
      "name": "metric_writer",
      "provider": "provider[\"registry.terraform.io/hashicorp/google\"]",
      "instances": [
        {
          "schema_version": 0,
          "attributes": {
            "condition": [],
            "etag": "BwZZhnxNSNw=",
            "id": "devops-assessment-nodejs/roles/monitoring.metricWriter/serviceAccount:nodejs-devsecops-run-sa@devops-assessment-nodejs.iam.gserviceaccount.com",
            "member": "serviceAccount:nodejs-devsecops-run-sa@devops-assessment-nodejs.iam.gserviceaccount.com",
            "project": "devops-assessment-nodejs",
            "role": "roles/monitoring.metricWriter"
          },
          "sensitive_attributes": [],
          "identity_schema_version": 0,
          "private": "bnVsbA==",
          "dependencies": [
            "module.iam.google_service_account.cloud_run_sa"
          ]
        }
      ]
    },
    {
      "module": "module.iam",
      "mode": "managed",
      "type": "google_project_iam_member",
      "name": "secret_accessor",
      "provider": "provider[\"registry.terraform.io/hashicorp/google\"]",
      "instances": [
        {
          "schema_version": 0,
          "attributes": {
            "condition": [],
            "etag": "BwZZhnxNSNw=",
            "id": "devops-assessment-nodejs/roles/secretmanager.secretAccessor/serviceAccount:nodejs-devsecops-run-sa@devops-assessment-nodejs.iam.gserviceaccount.com",
            "member": "serviceAccount:nodejs-devsecops-run-sa@devops-assessment-nodejs.iam.gserviceaccount.com",
            "project": "devops-assessment-nodejs",
            "role": "roles/secretmanager.secretAccessor"
          },
          "sensitive_attributes": [],
          "identity_schema_version": 0,
          "private": "bnVsbA==",
          "dependencies": [
            "module.iam.google_service_account.cloud_run_sa"
          ]
        }
      ]
    },
    {
      "module": "module.iam",
      "mode": "managed",
      "type": "google_service_account",
      "name": "cloud_run_sa",
      "provider": "provider[\"registry.terraform.io/hashicorp/google\"]",
      "instances": [
        {
          "schema_version": 0,
          "attributes": {
            "account_id": "nodejs-devsecops-run-sa",
            "create_ignore_already_exists": null,
            "description": "",
            "disabled": false,
            "display_name": "Cloud Run runtime SA for nodejs-devsecops",
            "email": "nodejs-devsecops-run-sa@devops-assessment-nodejs.iam.gserviceaccount.com",
            "id": "projects/devops-assessment-nodejs/serviceAccounts/nodejs-devsecops-run-sa@devops-assessment-nodejs.iam.gserviceaccount.com",
            "member": "serviceAccount:nodejs-devsecops-run-sa@devops-assessment-nodejs.iam.gserviceaccount.com",
            "name": "projects/devops-assessment-nodejs/serviceAccounts/nodejs-devsecops-run-sa@devops-assessment-nodejs.iam.gserviceaccount.com",
            "project": "devops-assessment-nodejs",
            "timeouts": null,
            "unique_id": "101666401313336336855"
          },
          "sensitive_attributes": [],
          "identity_schema_version": 0,
          "private": "eyJlMmJmYjczMC1lY2FhLTExZTYtOGY4OC0zNDM2M2JjN2M0YzAiOnsiY3JlYXRlIjozMDAwMDAwMDAwMDB9fQ=="
        }
      ]
    },
    {
      "module": "module.iam",
      "mode": "managed",
      "type": "google_service_account",
      "name": "deployer_sa",
      "provider": "provider[\"registry.terraform.io/hashicorp/google\"]",
      "instances": [
        {
          "schema_version": 0,
          "attributes": {
            "account_id": "nodejs-devsecops-deployer",
            "create_ignore_already_exists": null,
            "description": "",
            "disabled": false,
            "display_name": "CI/CD deployer SA for nodejs-devsecops",
            "email": "nodejs-devsecops-deployer@devops-assessment-nodejs.iam.gserviceaccount.com",
            "id": "projects/devops-assessment-nodejs/serviceAccounts/nodejs-devsecops-deployer@devops-assessment-nodejs.iam.gserviceaccount.com",
            "member": "serviceAccount:nodejs-devsecops-deployer@devops-assessment-nodejs.iam.gserviceaccount.com",
            "name": "projects/devops-assessment-nodejs/serviceAccounts/nodejs-devsecops-deployer@devops-assessment-nodejs.iam.gserviceaccount.com",
            "project": "devops-assessment-nodejs",
            "timeouts": null,
            "unique_id": "115870097173521661102"
          },
          "sensitive_attributes": [],
          "identity_schema_version": 0,
          "private": "eyJlMmJmYjczMC1lY2FhLTExZTYtOGY4OC0zNDM2M2JjN2M0YzAiOnsiY3JlYXRlIjozMDAwMDAwMDAwMDB9fQ=="
        }
      ]
    },
    {
      "module": "module.iam",
      "mode": "managed",
      "type": "google_service_account_iam_member",
      "name": "deployer_can_act_as_runtime_sa",
      "provider": "provider[\"registry.terraform.io/hashicorp/google\"]",
      "instances": [
        {
          "schema_version": 0,
          "attributes": {
            "condition": [],
            "etag": "BwZZhnvFX8s=",
            "id": "projects/devops-assessment-nodejs/serviceAccounts/nodejs-devsecops-run-sa@devops-assessment-nodejs.iam.gserviceaccount.com/roles/iam.serviceAccountUser/serviceAccount:nodejs-devsecops-deployer@devops-assessment-nodejs.iam.gserviceaccount.com",
            "member": "serviceAccount:nodejs-devsecops-deployer@devops-assessment-nodejs.iam.gserviceaccount.com",
            "role": "roles/iam.serviceAccountUser",
            "service_account_id": "projects/devops-assessment-nodejs/serviceAccounts/nodejs-devsecops-run-sa@devops-assessment-nodejs.iam.gserviceaccount.com"
          },
          "sensitive_attributes": [],
          "identity_schema_version": 0,
          "private": "bnVsbA==",
          "dependencies": [
            "module.iam.google_service_account.cloud_run_sa",
            "module.iam.google_service_account.deployer_sa"
          ]
        }
      ]
    },
    {
      "module": "module.monitoring",
      "mode": "managed",
      "type": "google_logging_metric",
      "name": "error_count",
      "provider": "provider[\"registry.terraform.io/hashicorp/google\"]",
      "instances": [
        {
          "schema_version": 0,
          "attributes": {
            "bucket_name": "",
            "bucket_options": [],
            "description": "",
            "disabled": false,
            "filter": "resource.type=\"cloud_run_revision\" AND resource.labels.service_name=\"nodejs-devsecops-service\" AND httpRequest.status\u003e=500",
            "id": "nodejs-devsecops-5xx-errors",
            "label_extractors": null,
            "metric_descriptor": [
              {
                "display_name": "",
                "labels": [],
                "metric_kind": "DELTA",
                "unit": "1",
                "value_type": "INT64"
              }
            ],
            "name": "nodejs-devsecops-5xx-errors",
            "project": "devops-assessment-nodejs",
            "timeouts": null,
            "value_extractor": ""
          },
          "sensitive_attributes": [],
          "identity_schema_version": 0,
          "private": "eyJlMmJmYjczMC1lY2FhLTExZTYtOGY4OC0zNDM2M2JjN2M0YzAiOnsiY3JlYXRlIjoxMjAwMDAwMDAwMDAwLCJkZWxldGUiOjEyMDAwMDAwMDAwMDAsInVwZGF0ZSI6MTIwMDAwMDAwMDAwMH19"
        }
      ]
    },
    {
      "module": "module.monitoring",
      "mode": "managed",
      "type": "google_monitoring_notification_channel",
      "name": "chat",
      "provider": "provider[\"registry.terraform.io/hashicorp/google\"]",
      "instances": [
        {
          "schema_version": 0,
          "attributes": {
            "description": "",
            "display_name": "nodejs-devsecops Google Chat Warnings",
            "enabled": true,
            "force_delete": false,
            "id": "projects/devops-assessment-nodejs/notificationChannels/4670257202507310772",
            "labels": {
              "url": "https://chat.googleapis.com/v1/spaces/PLACEHOLDER/messages?key=PLACEHOLDER\u0026token=PLACEHOLDER"
            },
            "name": "projects/devops-assessment-nodejs/notificationChannels/4670257202507310772",
            "project": "devops-assessment-nodejs",
            "sensitive_labels": [
              {
                "auth_token": "",
                "password": null,
                "service_key": null
              }
            ],
            "timeouts": null,
            "type": "webhook_tokenauth",
            "user_labels": null,
            "verification_status": ""
          },
          "sensitive_attributes": [
            [
              {
                "type": "get_attr",
                "value": "labels"
              },
              {
                "type": "index",
                "value": {
                  "value": "url",
                  "type": "string"
                }
              }
            ],
            [
              {
                "type": "get_attr",
                "value": "sensitive_labels"
              },
              {
                "type": "index",
                "value": {
                  "value": 0,
                  "type": "number"
                }
              },
              {
                "type": "get_attr",
                "value": "auth_token"
              }
            ],
            [
              {
                "type": "get_attr",
                "value": "sensitive_labels"
              },
              {
                "type": "index",
                "value": {
                  "value": 0,
                  "type": "number"
                }
              },
              {
                "type": "get_attr",
                "value": "password"
              }
            ],
            [
              {
                "type": "get_attr",
                "value": "sensitive_labels"
              },
              {
                "type": "index",
                "value": {
                  "value": 0,
                  "type": "number"
                }
              },
              {
                "type": "get_attr",
                "value": "service_key"
              }
            ]
          ],
          "identity_schema_version": 0,
          "private": "eyJlMmJmYjczMC1lY2FhLTExZTYtOGY4OC0zNDM2M2JjN2M0YzAiOnsiY3JlYXRlIjoxMjAwMDAwMDAwMDAwLCJkZWxldGUiOjEyMDAwMDAwMDAwMDAsInVwZGF0ZSI6MTIwMDAwMDAwMDAwMH19"
        }
      ]
    },
    {
      "module": "module.monitoring",
      "mode": "managed",
      "type": "google_monitoring_notification_channel",
      "name": "email",
      "provider": "provider[\"registry.terraform.io/hashicorp/google\"]",
      "instances": [
        {
          "schema_version": 0,
          "attributes": {
            "description": "",
            "display_name": "nodejs-devsecops Email Alerts",
            "enabled": true,
            "force_delete": false,
            "id": "projects/devops-assessment-nodejs/notificationChannels/13570974970401987870",
            "labels": {
              "email_address": "sassiedharan2012@gmail.com"
            },
            "name": "projects/devops-assessment-nodejs/notificationChannels/13570974970401987870",
            "project": "devops-assessment-nodejs",
            "sensitive_labels": [],
            "timeouts": null,
            "type": "email",
            "user_labels": null,
            "verification_status": ""
          },
          "sensitive_attributes": [],
          "identity_schema_version": 0,
          "private": "eyJlMmJmYjczMC1lY2FhLTExZTYtOGY4OC0zNDM2M2JjN2M0YzAiOnsiY3JlYXRlIjoxMjAwMDAwMDAwMDAwLCJkZWxldGUiOjEyMDAwMDAwMDAwMDAsInVwZGF0ZSI6MTIwMDAwMDAwMDAwMH19"
        }
      ]
    },
    {
      "module": "module.network",
      "mode": "managed",
      "type": "google_compute_firewall",
      "name": "allow_internal",
      "provider": "provider[\"registry.terraform.io/hashicorp/google\"]",
      "instances": [
        {
          "schema_version": 1,
          "attributes": {
            "allow": [
              {
                "ports": [
                  "5432"
                ],
                "protocol": "tcp"
              }
            ],
            "creation_timestamp": "2026-08-20T20:46:25.317-07:00",
            "deny": [],
            "description": "",
            "destination_ranges": [],
            "direction": "INGRESS",
            "disabled": false,
            "enable_logging": null,
            "id": "projects/devops-assessment-nodejs/global/firewalls/nodejs-devsecops-vpc-allow-internal",
            "log_config": [],
            "name": "nodejs-devsecops-vpc-allow-internal",
            "network": "https://www.googleapis.com/compute/v1/projects/devops-assessment-nodejs/global/networks/nodejs-devsecops-vpc",
            "priority": 1000,
            "project": "devops-assessment-nodejs",
            "self_link": "https://www.googleapis.com/compute/v1/projects/devops-assessment-nodejs/global/firewalls/nodejs-devsecops-vpc-allow-internal",
            "source_ranges": [
              "10.0.0.0/24",
              "10.8.0.0/28"
            ],
            "source_service_accounts": null,
            "source_tags": null,
            "target_service_accounts": null,
            "target_tags": null,
            "timeouts": null
          },
          "sensitive_attributes": [],
          "identity_schema_version": 0,
          "private": "eyJlMmJmYjczMC1lY2FhLTExZTYtOGY4OC0zNDM2M2JjN2M0YzAiOnsiY3JlYXRlIjoxMjAwMDAwMDAwMDAwLCJkZWxldGUiOjEyMDAwMDAwMDAwMDAsInVwZGF0ZSI6MTIwMDAwMDAwMDAwMH0sInNjaGVtYV92ZXJzaW9uIjoiMSJ9",
          "dependencies": [
            "module.network.google_compute_network.vpc"
          ]
        }
      ]
    },
    {
      "module": "module.network",
      "mode": "managed",
      "type": "google_compute_firewall",
      "name": "deny_all_ingress",
      "provider": "provider[\"registry.terraform.io/hashicorp/google\"]",
      "instances": [
        {
          "schema_version": 1,
          "attributes": {
            "allow": [],
            "creation_timestamp": "2026-08-20T20:46:25.317-07:00",
            "deny": [
              {
                "ports": [],
                "protocol": "all"
              }
            ],
            "description": "",
            "destination_ranges": [],
            "direction": "INGRESS",
            "disabled": false,
            "enable_logging": null,
            "id": "projects/devops-assessment-nodejs/global/firewalls/nodejs-devsecops-vpc-deny-all-ingress",
            "log_config": [],
            "name": "nodejs-devsecops-vpc-deny-all-ingress",
            "network": "https://www.googleapis.com/compute/v1/projects/devops-assessment-nodejs/global/networks/nodejs-devsecops-vpc",
            "priority": 65534,
            "project": "devops-assessment-nodejs",
            "self_link": "https://www.googleapis.com/compute/v1/projects/devops-assessment-nodejs/global/firewalls/nodejs-devsecops-vpc-deny-all-ingress",
            "source_ranges": [
              "0.0.0.0/0"
            ],
            "source_service_accounts": null,
            "source_tags": null,
            "target_service_accounts": null,
            "target_tags": null,
            "timeouts": null
          },
          "sensitive_attributes": [],
          "identity_schema_version": 0,
          "private": "eyJlMmJmYjczMC1lY2FhLTExZTYtOGY4OC0zNDM2M2JjN2M0YzAiOnsiY3JlYXRlIjoxMjAwMDAwMDAwMDAwLCJkZWxldGUiOjEyMDAwMDAwMDAwMDAsInVwZGF0ZSI6MTIwMDAwMDAwMDAwMH0sInNjaGVtYV92ZXJzaW9uIjoiMSJ9",
          "dependencies": [
            "module.network.google_compute_network.vpc"
          ]
        }
      ]
    },
    {
      "module": "module.network",
      "mode": "managed",
      "type": "google_compute_global_address",
      "name": "private_ip_range",
      "provider": "provider[\"registry.terraform.io/hashicorp/google\"]",
      "instances": [
        {
          "schema_version": 0,
          "attributes": {
            "address": "10.119.0.0",
            "address_type": "INTERNAL",
            "creation_timestamp": "2026-08-20T09:19:03.337-07:00",
            "description": "",
            "effective_labels": {},
            "id": "projects/devops-assessment-nodejs/global/addresses/nodejs-devsecops-vpc-private-ip-range",
            "ip_version": "",
            "label_fingerprint": "42WmSpB8rSM=",
            "labels": {},
            "name": "nodejs-devsecops-vpc-private-ip-range",
            "network": "https://www.googleapis.com/compute/v1/projects/devops-assessment-nodejs/global/networks/nodejs-devsecops-vpc",
            "prefix_length": 16,
            "project": "devops-assessment-nodejs",
            "purpose": "VPC_PEERING",
            "self_link": "https://www.googleapis.com/compute/v1/projects/devops-assessment-nodejs/global/addresses/nodejs-devsecops-vpc-private-ip-range",
            "terraform_labels": {},
            "timeouts": null
          },
          "sensitive_attributes": [],
          "identity_schema_version": 0,
          "private": "eyJlMmJmYjczMC1lY2FhLTExZTYtOGY4OC0zNDM2M2JjN2M0YzAiOnsiY3JlYXRlIjoxMjAwMDAwMDAwMDAwLCJkZWxldGUiOjEyMDAwMDAwMDAwMDAsInVwZGF0ZSI6MTIwMDAwMDAwMDAwMH19",
          "dependencies": [
            "module.network.google_compute_network.vpc"
          ]
        }
      ]
    },
    {
      "module": "module.network",
      "mode": "managed",
      "type": "google_compute_network",
      "name": "vpc",
      "provider": "provider[\"registry.terraform.io/hashicorp/google\"]",
      "instances": [
        {
          "schema_version": 0,
          "attributes": {
            "auto_create_subnetworks": false,
            "delete_default_routes_on_create": false,
            "description": "",
            "enable_ula_internal_ipv6": false,
            "gateway_ipv4": "",
            "id": "projects/devops-assessment-nodejs/global/networks/nodejs-devsecops-vpc",
            "internal_ipv6_range": "",
            "mtu": 0,
            "name": "nodejs-devsecops-vpc",
            "network_firewall_policy_enforcement_order": "AFTER_CLASSIC_FIREWALL",
            "numeric_id": "4182288192062002703",
            "project": "devops-assessment-nodejs",
            "routing_mode": "REGIONAL",
            "self_link": "https://www.googleapis.com/compute/v1/projects/devops-assessment-nodejs/global/networks/nodejs-devsecops-vpc",
            "timeouts": null
          },
          "sensitive_attributes": [],
          "identity_schema_version": 0,
          "private": "eyJlMmJmYjczMC1lY2FhLTExZTYtOGY4OC0zNDM2M2JjN2M0YzAiOnsiY3JlYXRlIjoxMjAwMDAwMDAwMDAwLCJkZWxldGUiOjEyMDAwMDAwMDAwMDAsInVwZGF0ZSI6MTIwMDAwMDAwMDAwMH19"
        }
      ]
    },
    {
      "module": "module.network",
      "mode": "managed",
      "type": "google_service_networking_connection",
      "name": "private_vpc_connection",
      "provider": "provider[\"registry.terraform.io/hashicorp/google\"]",
      "instances": [
        {
          "schema_version": 0,
          "attributes": {
            "deletion_policy": null,
            "id": "projects%2Fdevops-assessment-nodejs%2Fglobal%2Fnetworks%2Fnodejs-devsecops-vpc:servicenetworking.googleapis.com",
            "network": "projects/devops-assessment-nodejs/global/networks/nodejs-devsecops-vpc",
            "peering": "servicenetworking-googleapis-com",
            "reserved_peering_ranges": [
              "nodejs-devsecops-vpc-private-ip-range"
            ],
            "service": "servicenetworking.googleapis.com",
            "timeouts": null,
            "update_on_creation_fail": null
          },
          "sensitive_attributes": [],
          "identity_schema_version": 0,
          "private": "eyJlMmJmYjczMC1lY2FhLTExZTYtOGY4OC0zNDM2M2JjN2M0YzAiOnsiY3JlYXRlIjo2MDAwMDAwMDAwMDAsImRlbGV0ZSI6NjAwMDAwMDAwMDAwLCJ1cGRhdGUiOjYwMDAwMDAwMDAwMH19",
          "dependencies": [
            "module.network.google_compute_global_address.private_ip_range",
            "module.network.google_compute_network.vpc"
          ]
        }
      ]
    },
    {
      "module": "module.secrets",
      "mode": "managed",
      "type": "google_secret_manager_secret",
      "name": "secret",
      "provider": "provider[\"registry.terraform.io/hashicorp/google\"]",
      "instances": [
        {
          "index_key": "db-host",
          "schema_version": 0,
          "attributes": {
            "annotations": null,
            "create_time": "2026-08-21T03:54:22.017734Z",
            "effective_annotations": {},
            "effective_labels": {},
            "expire_time": "",
            "id": "projects/devops-assessment-nodejs/secrets/nodejs-devsecops-db-host",
            "labels": null,
            "name": "projects/728348789287/secrets/nodejs-devsecops-db-host",
            "project": "devops-assessment-nodejs",
            "replication": [
              {
                "auto": [
                  {
                    "customer_managed_encryption": []
                  }
                ],
                "user_managed": []
              }
            ],
            "rotation": [],
            "secret_id": "nodejs-devsecops-db-host",
            "terraform_labels": {},
            "timeouts": null,
            "topics": [],
            "ttl": null,
            "version_aliases": null,
            "version_destroy_ttl": ""
          },
          "sensitive_attributes": [],
          "identity_schema_version": 0,
          "private": "eyJlMmJmYjczMC1lY2FhLTExZTYtOGY4OC0zNDM2M2JjN2M0YzAiOnsiY3JlYXRlIjoxMjAwMDAwMDAwMDAwLCJkZWxldGUiOjEyMDAwMDAwMDAwMDAsInVwZGF0ZSI6MTIwMDAwMDAwMDAwMH19",
          "dependencies": [
            "module.cloud_sql.google_sql_database.app_database",
            "module.cloud_sql.google_sql_database_instance.postgres",
            "module.cloud_sql.google_sql_user.app_user",
            "module.cloud_sql.random_password.db_password",
            "module.network.google_compute_global_address.private_ip_range",
            "module.network.google_compute_network.vpc",
            "module.network.google_service_networking_connection.private_vpc_connection"
          ]
        },
        {
          "index_key": "db-name",
          "schema_version": 0,
          "attributes": {
            "annotations": null,
            "create_time": "2026-08-21T03:54:22.023328Z",
            "effective_annotations": {},
            "effective_labels": {},
            "expire_time": "",
            "id": "projects/devops-assessment-nodejs/secrets/nodejs-devsecops-db-name",
            "labels": null,
            "name": "projects/728348789287/secrets/nodejs-devsecops-db-name",
            "project": "devops-assessment-nodejs",
            "replication": [
              {
                "auto": [
                  {
                    "customer_managed_encryption": []
                  }
                ],
                "user_managed": []
              }
            ],
            "rotation": [],
            "secret_id": "nodejs-devsecops-db-name",
            "terraform_labels": {},
            "timeouts": null,
            "topics": [],
            "ttl": null,
            "version_aliases": null,
            "version_destroy_ttl": ""
          },
          "sensitive_attributes": [],
          "identity_schema_version": 0,
          "private": "eyJlMmJmYjczMC1lY2FhLTExZTYtOGY4OC0zNDM2M2JjN2M0YzAiOnsiY3JlYXRlIjoxMjAwMDAwMDAwMDAwLCJkZWxldGUiOjEyMDAwMDAwMDAwMDAsInVwZGF0ZSI6MTIwMDAwMDAwMDAwMH19",
          "dependencies": [
            "module.cloud_sql.google_sql_database.app_database",
            "module.cloud_sql.google_sql_database_instance.postgres",
            "module.cloud_sql.google_sql_user.app_user",
            "module.cloud_sql.random_password.db_password",
            "module.network.google_compute_global_address.private_ip_range",
            "module.network.google_compute_network.vpc",
            "module.network.google_service_networking_connection.private_vpc_connection"
          ]
        },
        {
          "index_key": "db-password",
          "schema_version": 0,
          "attributes": {
            "annotations": null,
            "create_time": "2026-08-21T03:54:22.023553Z",
            "effective_annotations": {},
            "effective_labels": {},
            "expire_time": "",
            "id": "projects/devops-assessment-nodejs/secrets/nodejs-devsecops-db-password",
            "labels": null,
            "name": "projects/728348789287/secrets/nodejs-devsecops-db-password",
            "project": "devops-assessment-nodejs",
            "replication": [
              {
                "auto": [
                  {
                    "customer_managed_encryption": []
                  }
                ],
                "user_managed": []
              }
            ],
            "rotation": [],
            "secret_id": "nodejs-devsecops-db-password",
            "terraform_labels": {},
            "timeouts": null,
            "topics": [],
            "ttl": null,
            "version_aliases": null,
            "version_destroy_ttl": ""
          },
          "sensitive_attributes": [],
          "identity_schema_version": 0,
          "private": "eyJlMmJmYjczMC1lY2FhLTExZTYtOGY4OC0zNDM2M2JjN2M0YzAiOnsiY3JlYXRlIjoxMjAwMDAwMDAwMDAwLCJkZWxldGUiOjEyMDAwMDAwMDAwMDAsInVwZGF0ZSI6MTIwMDAwMDAwMDAwMH19",
          "dependencies": [
            "module.cloud_sql.google_sql_database.app_database",
            "module.cloud_sql.google_sql_database_instance.postgres",
            "module.cloud_sql.google_sql_user.app_user",
            "module.cloud_sql.random_password.db_password",
            "module.network.google_compute_global_address.private_ip_range",
            "module.network.google_compute_network.vpc",
            "module.network.google_service_networking_connection.private_vpc_connection"
          ]
        },
        {
          "index_key": "db-user",
          "schema_version": 0,
          "attributes": {
            "annotations": null,
            "create_time": "2026-08-21T03:54:22.026840Z",
            "effective_annotations": {},
            "effective_labels": {},
            "expire_time": "",
            "id": "projects/devops-assessment-nodejs/secrets/nodejs-devsecops-db-user",
            "labels": null,
            "name": "projects/728348789287/secrets/nodejs-devsecops-db-user",
            "project": "devops-assessment-nodejs",
            "replication": [
              {
                "auto": [
                  {
                    "customer_managed_encryption": []
                  }
                ],
                "user_managed": []
              }
            ],
            "rotation": [],
            "secret_id": "nodejs-devsecops-db-user",
            "terraform_labels": {},
            "timeouts": null,
            "topics": [],
            "ttl": null,
            "version_aliases": null,
            "version_destroy_ttl": ""
          },
          "sensitive_attributes": [],
          "identity_schema_version": 0,
          "private": "eyJlMmJmYjczMC1lY2FhLTExZTYtOGY4OC0zNDM2M2JjN2M0YzAiOnsiY3JlYXRlIjoxMjAwMDAwMDAwMDAwLCJkZWxldGUiOjEyMDAwMDAwMDAwMDAsInVwZGF0ZSI6MTIwMDAwMDAwMDAwMH19",
          "dependencies": [
            "module.cloud_sql.google_sql_database.app_database",
            "module.cloud_sql.google_sql_database_instance.postgres",
            "module.cloud_sql.google_sql_user.app_user",
            "module.cloud_sql.random_password.db_password",
            "module.network.google_compute_global_address.private_ip_range",
            "module.network.google_compute_network.vpc",
            "module.network.google_service_networking_connection.private_vpc_connection"
          ]
        }
      ]
    },
    {
      "module": "module.secrets",
      "mode": "managed",
      "type": "google_secret_manager_secret_version",
      "name": "secret_version",
      "provider": "provider[\"registry.terraform.io/hashicorp/google\"]",
      "instances": [
        {
          "index_key": "db-host",
          "schema_version": 0,
          "attributes": {
            "create_time": "2026-08-21T03:54:27.020683Z",
            "deletion_policy": "DELETE",
            "destroy_time": "",
            "enabled": true,
            "id": "projects/728348789287/secrets/nodejs-devsecops-db-host/versions/1",
            "is_secret_data_base64": false,
            "name": "projects/728348789287/secrets/nodejs-devsecops-db-host/versions/1",
            "secret": "projects/devops-assessment-nodejs/secrets/nodejs-devsecops-db-host",
            "secret_data": "10.119.0.5",
            "timeouts": null,
            "version": "1"
          },
          "sensitive_attributes": [
            [
              {
                "type": "get_attr",
                "value": "secret_data"
              }
            ]
          ],
          "identity_schema_version": 0,
          "private": "eyJlMmJmYjczMC1lY2FhLTExZTYtOGY4OC0zNDM2M2JjN2M0YzAiOnsiY3JlYXRlIjoxMjAwMDAwMDAwMDAwLCJkZWxldGUiOjEyMDAwMDAwMDAwMDAsInVwZGF0ZSI6MTIwMDAwMDAwMDAwMH19",
          "dependencies": [
            "module.cloud_sql.google_sql_database.app_database",
            "module.cloud_sql.google_sql_database_instance.postgres",
            "module.cloud_sql.google_sql_user.app_user",
            "module.cloud_sql.random_password.db_password",
            "module.network.google_compute_global_address.private_ip_range",
            "module.network.google_compute_network.vpc",
            "module.network.google_service_networking_connection.private_vpc_connection",
            "module.secrets.google_secret_manager_secret.secret"
          ]
        },
        {
          "index_key": "db-name",
          "schema_version": 0,
          "attributes": {
            "create_time": "2026-08-21T03:54:26.530338Z",
            "deletion_policy": "DELETE",
            "destroy_time": "",
            "enabled": true,
            "id": "projects/728348789287/secrets/nodejs-devsecops-db-name/versions/1",
            "is_secret_data_base64": false,
            "name": "projects/728348789287/secrets/nodejs-devsecops-db-name/versions/1",
            "secret": "projects/devops-assessment-nodejs/secrets/nodejs-devsecops-db-name",
            "secret_data": "appdb",
            "timeouts": null,
            "version": "1"
          },
          "sensitive_attributes": [
            [
              {
                "type": "get_attr",
                "value": "secret_data"
              }
            ]
          ],
          "identity_schema_version": 0,
          "private": "eyJlMmJmYjczMC1lY2FhLTExZTYtOGY4OC0zNDM2M2JjN2M0YzAiOnsiY3JlYXRlIjoxMjAwMDAwMDAwMDAwLCJkZWxldGUiOjEyMDAwMDAwMDAwMDAsInVwZGF0ZSI6MTIwMDAwMDAwMDAwMH19",
          "dependencies": [
            "module.cloud_sql.google_sql_database.app_database",
            "module.cloud_sql.google_sql_database_instance.postgres",
            "module.cloud_sql.google_sql_user.app_user",
            "module.cloud_sql.random_password.db_password",
            "module.network.google_compute_global_address.private_ip_range",
            "module.network.google_compute_network.vpc",
            "module.network.google_service_networking_connection.private_vpc_connection",
            "module.secrets.google_secret_manager_secret.secret"
          ]
        },
        {
          "index_key": "db-password",
          "schema_version": 0,
          "attributes": {
            "create_time": "2026-08-21T03:54:26.493973Z",
            "deletion_policy": "DELETE",
            "destroy_time": "",
            "enabled": true,
            "id": "projects/728348789287/secrets/nodejs-devsecops-db-password/versions/1",
            "is_secret_data_base64": false,
            "name": "projects/728348789287/secrets/nodejs-devsecops-db-password/versions/1",
            "secret": "projects/devops-assessment-nodejs/secrets/nodejs-devsecops-db-password",
            "secret_data": "Of64SIHmQw\u003eomrCWzo$l",
            "timeouts": null,
            "version": "1"
          },
          "sensitive_attributes": [
            [
              {
                "type": "get_attr",
                "value": "secret_data"
              }
            ]
          ],
          "identity_schema_version": 0,
          "private": "eyJlMmJmYjczMC1lY2FhLTExZTYtOGY4OC0zNDM2M2JjN2M0YzAiOnsiY3JlYXRlIjoxMjAwMDAwMDAwMDAwLCJkZWxldGUiOjEyMDAwMDAwMDAwMDAsInVwZGF0ZSI6MTIwMDAwMDAwMDAwMH19",
          "dependencies": [
            "module.cloud_sql.google_sql_database.app_database",
            "module.cloud_sql.google_sql_database_instance.postgres",
            "module.cloud_sql.google_sql_user.app_user",
            "module.cloud_sql.random_password.db_password",
            "module.network.google_compute_global_address.private_ip_range",
            "module.network.google_compute_network.vpc",
            "module.network.google_service_networking_connection.private_vpc_connection",
            "module.secrets.google_secret_manager_secret.secret"
          ]
        },
        {
          "index_key": "db-user",
          "schema_version": 0,
          "attributes": {
            "create_time": "2026-08-21T03:54:25.831095Z",
            "deletion_policy": "DELETE",
            "destroy_time": "",
            "enabled": true,
            "id": "projects/728348789287/secrets/nodejs-devsecops-db-user/versions/1",
            "is_secret_data_base64": false,
            "name": "projects/728348789287/secrets/nodejs-devsecops-db-user/versions/1",
            "secret": "projects/devops-assessment-nodejs/secrets/nodejs-devsecops-db-user",
            "secret_data": "appuser",
            "timeouts": null,
            "version": "1"
          },
          "sensitive_attributes": [
            [
              {
                "type": "get_attr",
                "value": "secret_data"
              }
            ]
          ],
          "identity_schema_version": 0,
          "private": "eyJlMmJmYjczMC1lY2FhLTExZTYtOGY4OC0zNDM2M2JjN2M0YzAiOnsiY3JlYXRlIjoxMjAwMDAwMDAwMDAwLCJkZWxldGUiOjEyMDAwMDAwMDAwMDAsInVwZGF0ZSI6MTIwMDAwMDAwMDAwMH19",
          "dependencies": [
            "module.cloud_sql.google_sql_database.app_database",
            "module.cloud_sql.google_sql_database_instance.postgres",
            "module.cloud_sql.google_sql_user.app_user",
            "module.cloud_sql.random_password.db_password",
            "module.network.google_compute_global_address.private_ip_range",
            "module.network.google_compute_network.vpc",
            "module.network.google_service_networking_connection.private_vpc_connection",
            "module.secrets.google_secret_manager_secret.secret"
          ]
        }
      ]
    }
  ],
  "check_results": null
}
